// !$*UTF8*$!
{
	archiveVersion = 1;
	classes = {
	};
	objectVersion = 56;
	objects = {

/* Begin PBXBuildFile section */
		4D1B7CB22A1DF445000F1A0B /* AppStoreClone.xcdatamodeld in Sources */ = {isa = PBXBuildFile; fileRef = 4D1B7CAB2A1DF445000F1A0B /* AppStoreClone.xcdatamodeld */; };
		4D1B7CB32A1DF445000F1A0B /* Assets.xcassets in Resources */ = {isa = PBXBuildFile; fileRef = 4D1B7CAD2A1DF445000F1A0B /* Assets.xcassets */; };
		4D1B7CB42A1DF445000F1A0B /* LaunchScreen.storyboard in Resources */ = {isa = PBXBuildFile; fileRef = 4D1B7CAE2A1DF445000F1A0B /* LaunchScreen.storyboard */; };
		4D1B7CB72A1DF476000F1A0B /* ViewController.swift in Sources */ = {isa = PBXBuildFile; fileRef = 4D1B7CB62A1DF475000F1A0B /* ViewController.swift */; };
		4D897C052A1CF8C600442D39 /* SearchViewController.swift in Sources */ = {isa = PBXBuildFile; fileRef = 4D897C042A1CF8C600442D39 /* SearchViewController.swift */; };
		4D897C072A1CF8FC00442D39 /* SearchViewModel.swift in Sources */ = {isa = PBXBuildFile; fileRef = 4D897C062A1CF8FC00442D39 /* SearchViewModel.swift */; };
		4D897C092A1CF96B00442D39 /* GridCollectionViewFlowLayout.swift in Sources */ = {isa = PBXBuildFile; fileRef = 4D897C082A1CF96B00442D39 /* GridCollectionViewFlowLayout.swift */; };
		4DF70DCE2A1C52340082823A /* AppDelegate.swift in Sources */ = {isa = PBXBuildFile; fileRef = 4DF70DCD2A1C52340082823A /* AppDelegate.swift */; };
		4DF70DD02A1C52340082823A /* SceneDelegate.swift in Sources */ = {isa = PBXBuildFile; fileRef = 4DF70DCF2A1C52340082823A /* SceneDelegate.swift */; };
		4DF70DE82A1C52380082823A /* AppStoreCloneTests.swift in Sources */ = {isa = PBXBuildFile; fileRef = 4DF70DE72A1C52380082823A /* AppStoreCloneTests.swift */; };
		4DF70DF22A1C52380082823A /* AppStoreCloneUITests.swift in Sources */ = {isa = PBXBuildFile; fileRef = 4DF70DF12A1C52380082823A /* AppStoreCloneUITests.swift */; };
		4DF70DF42A1C52380082823A /* AppStoreCloneUITestsLaunchTests.swift in Sources */ = {isa = PBXBuildFile; fileRef = 4DF70DF32A1C52380082823A /* AppStoreCloneUITestsLaunchTests.swift */; };
		4DF70E2F2A1C8DE60082823A /* DIContainer.swift in Sources */ = {isa = PBXBuildFile; fileRef = 4DF70E142A1C8DE50082823A /* DIContainer.swift */; };
		4DF70E322A1C8DE60082823A /* ImageLoader.swift in Sources */ = {isa = PBXBuildFile; fileRef = 4DF70E1B2A1C8DE50082823A /* ImageLoader.swift */; };
		4DF70E332A1C8DE60082823A /* APIRequestService.swift in Sources */ = {isa = PBXBuildFile; fileRef = 4DF70E1C2A1C8DE50082823A /* APIRequestService.swift */; };
		4DF70E352A1C8DE60082823A /* HeaderCommon.swift in Sources */ = {isa = PBXBuildFile; fileRef = 4DF70E1E2A1C8DE50082823A /* HeaderCommon.swift */; };
		4DF70E362A1C8DE60082823A /* URLService.swift in Sources */ = {isa = PBXBuildFile; fileRef = 4DF70E1F2A1C8DE50082823A /* URLService.swift */; };
		4DF70E382A1C8DE60082823A /* ItunesService.swift in Sources */ = {isa = PBXBuildFile; fileRef = 4DF70E232A1C8DE50082823A /* ItunesService.swift */; };
		4DF70E392A1C8DE60082823A /* ImageCache.swift in Sources */ = {isa = PBXBuildFile; fileRef = 4DF70E262A1C8DE60082823A /* ImageCache.swift */; };
		4DF70E3A2A1C8DE60082823A /* ReadPList.swift in Sources */ = {isa = PBXBuildFile; fileRef = 4DF70E272A1C8DE60082823A /* ReadPList.swift */; };
		4DF70E3B2A1C8DE60082823A /* GlobalAlert.swift in Sources */ = {isa = PBXBuildFile; fileRef = 4DF70E282A1C8DE60082823A /* GlobalAlert.swift */; };
		4DF70E3C2A1C8DE60082823A /* ReadJson.swift in Sources */ = {isa = PBXBuildFile; fileRef = 4DF70E292A1C8DE60082823A /* ReadJson.swift */; };
		4DF70E3D2A1C8DE60082823A /* Inject.swift in Sources */ = {isa = PBXBuildFile; fileRef = 4DF70E2B2A1C8DE60082823A /* Inject.swift */; };
		4DF70E3E2A1C8DE60082823A /* UIApplication + Extension.swift in Sources */ = {isa = PBXBuildFile; fileRef = 4DF70E2D2A1C8DE60082823A /* UIApplication + Extension.swift */; };
		4DF70E432A1C937C0082823A /* Track.swift in Sources */ = {isa = PBXBuildFile; fileRef = 4DF70E412A1C937C0082823A /* Track.swift */; };
		4DF70E442A1C937C0082823A /* ItunesResponse.swift in Sources */ = {isa = PBXBuildFile; fileRef = 4DF70E422A1C937C0082823A /* ItunesResponse.swift */; };
		4DF70E482A1C97940082823A /* BaseInterceptor.swift in Sources */ = {isa = PBXBuildFile; fileRef = 4DF70E472A1C97940082823A /* BaseInterceptor.swift */; };
		4DF70E4A2A1C9D1F0082823A /* APIRequestError.swift in Sources */ = {isa = PBXBuildFile; fileRef = 4DF70E492A1C9D1F0082823A /* APIRequestError.swift */; };
		4DF70E5B2A1CAEE10082823A /* RxCocoa in Frameworks */ = {isa = PBXBuildFile; productRef = 4DF70E5A2A1CAEE10082823A /* RxCocoa */; };
		4DF70E5D2A1CAEE10082823A /* RxRelay in Frameworks */ = {isa = PBXBuildFile; productRef = 4DF70E5C2A1CAEE10082823A /* RxRelay */; };
		4DF70E5F2A1CAEE10082823A /* RxSwift in Frameworks */ = {isa = PBXBuildFile; productRef = 4DF70E5E2A1CAEE10082823A /* RxSwift */; };
		4DF70E642A1CB2FD0082823A /* TabBarViewController.swift in Sources */ = {isa = PBXBuildFile; fileRef = 4DF70E632A1CB2FD0082823A /* TabBarViewController.swift */; };
		4DF70E682A1CBA730082823A /* TodayViewController.swift in Sources */ = {isa = PBXBuildFile; fileRef = 4DF70E672A1CBA730082823A /* TodayViewController.swift */; };
		4DF70E702A1CBACA0082823A /* TodayViewModel.swift in Sources */ = {isa = PBXBuildFile; fileRef = 4DF70E6F2A1CBACA0082823A /* TodayViewModel.swift */; };
/* End PBXBuildFile section */

/* Begin PBXContainerItemProxy section */
		4DF70DE42A1C52380082823A /* PBXContainerItemProxy */ = {
			isa = PBXContainerItemProxy;
			containerPortal = 4DF70DC22A1C52330082823A /* Project object */;
			proxyType = 1;
			remoteGlobalIDString = 4DF70DC92A1C52330082823A;
			remoteInfo = AppStoreClone;
		};
		4DF70DEE2A1C52380082823A /* PBXContainerItemProxy */ = {
			isa = PBXContainerItemProxy;
			containerPortal = 4DF70DC22A1C52330082823A /* Project object */;
			proxyType = 1;
			remoteGlobalIDString = 4DF70DC92A1C52330082823A;
			remoteInfo = AppStoreClone;
		};
/* End PBXContainerItemProxy section */

/* Begin PBXCopyFilesBuildPhase section */
		4DF70E582A1CAD100082823A /* Embed Frameworks */ = {
			isa = PBXCopyFilesBuildPhase;
			buildActionMask = 2147483647;
			dstPath = "";
			dstSubfolderSpec = 10;
			files = (
			);
			name = "Embed Frameworks";
			runOnlyForDeploymentPostprocessing = 0;
		};
/* End PBXCopyFilesBuildPhase section */

/* Begin PBXFileReference section */
		4D1B7CAC2A1DF445000F1A0B /* AppStoreClone.xcdatamodel */ = {isa = PBXFileReference; lastKnownFileType = wrapper.xcdatamodel; path = AppStoreClone.xcdatamodel; sourceTree = "<group>"; };
		4D1B7CAD2A1DF445000F1A0B /* Assets.xcassets */ = {isa = PBXFileReference; lastKnownFileType = folder.assetcatalog; path = Assets.xcassets; sourceTree = "<group>"; };
		4D1B7CAF2A1DF445000F1A0B /* Base */ = {isa = PBXFileReference; lastKnownFileType = file.storyboard; name = Base; path = Base.lproj/LaunchScreen.storyboard; sourceTree = "<group>"; };
		4D1B7CB62A1DF475000F1A0B /* ViewController.swift */ = {isa = PBXFileReference; fileEncoding = 4; lastKnownFileType = sourcecode.swift; path = ViewController.swift; sourceTree = "<group>"; };
		4D897C042A1CF8C600442D39 /* SearchViewController.swift */ = {isa = PBXFileReference; lastKnownFileType = sourcecode.swift; path = SearchViewController.swift; sourceTree = "<group>"; };
		4D897C062A1CF8FC00442D39 /* SearchViewModel.swift */ = {isa = PBXFileReference; lastKnownFileType = sourcecode.swift; path = SearchViewModel.swift; sourceTree = "<group>"; };
		4D897C082A1CF96B00442D39 /* GridCollectionViewFlowLayout.swift */ = {isa = PBXFileReference; fileEncoding = 4; lastKnownFileType = sourcecode.swift; path = GridCollectionViewFlowLayout.swift; sourceTree = "<group>"; };
		4DF70DCA2A1C52340082823A /* AppStoreClone.app */ = {isa = PBXFileReference; explicitFileType = wrapper.application; includeInIndex = 0; path = AppStoreClone.app; sourceTree = BUILT_PRODUCTS_DIR; };
		4DF70DCD2A1C52340082823A /* AppDelegate.swift */ = {isa = PBXFileReference; lastKnownFileType = sourcecode.swift; path = AppDelegate.swift; sourceTree = "<group>"; };
		4DF70DCF2A1C52340082823A /* SceneDelegate.swift */ = {isa = PBXFileReference; lastKnownFileType = sourcecode.swift; path = SceneDelegate.swift; sourceTree = "<group>"; };
		4DF70DDE2A1C52370082823A /* Info.plist */ = {isa = PBXFileReference; lastKnownFileType = text.plist.xml; path = Info.plist; sourceTree = "<group>"; };
		4DF70DE32A1C52380082823A /* AppStoreCloneTests.xctest */ = {isa = PBXFileReference; explicitFileType = wrapper.cfbundle; includeInIndex = 0; path = AppStoreCloneTests.xctest; sourceTree = BUILT_PRODUCTS_DIR; };
		4DF70DE72A1C52380082823A /* AppStoreCloneTests.swift */ = {isa = PBXFileReference; lastKnownFileType = sourcecode.swift; path = AppStoreCloneTests.swift; sourceTree = "<group>"; };
		4DF70DED2A1C52380082823A /* AppStoreCloneUITests.xctest */ = {isa = PBXFileReference; explicitFileType = wrapper.cfbundle; includeInIndex = 0; path = AppStoreCloneUITests.xctest; sourceTree = BUILT_PRODUCTS_DIR; };
		4DF70DF12A1C52380082823A /* AppStoreCloneUITests.swift */ = {isa = PBXFileReference; lastKnownFileType = sourcecode.swift; path = AppStoreCloneUITests.swift; sourceTree = "<group>"; };
		4DF70DF32A1C52380082823A /* AppStoreCloneUITestsLaunchTests.swift */ = {isa = PBXFileReference; lastKnownFileType = sourcecode.swift; path = AppStoreCloneUITestsLaunchTests.swift; sourceTree = "<group>"; };
		4DF70E142A1C8DE50082823A /* DIContainer.swift */ = {isa = PBXFileReference; fileEncoding = 4; lastKnownFileType = sourcecode.swift; path = DIContainer.swift; sourceTree = "<group>"; };
		4DF70E1B2A1C8DE50082823A /* ImageLoader.swift */ = {isa = PBXFileReference; fileEncoding = 4; lastKnownFileType = sourcecode.swift; path = ImageLoader.swift; sourceTree = "<group>"; };
		4DF70E1C2A1C8DE50082823A /* APIRequestService.swift */ = {isa = PBXFileReference; fileEncoding = 4; lastKnownFileType = sourcecode.swift; path = APIRequestService.swift; sourceTree = "<group>"; };
		4DF70E1E2A1C8DE50082823A /* HeaderCommon.swift */ = {isa = PBXFileReference; fileEncoding = 4; lastKnownFileType = sourcecode.swift; path = HeaderCommon.swift; sourceTree = "<group>"; };
		4DF70E1F2A1C8DE50082823A /* URLService.swift */ = {isa = PBXFileReference; fileEncoding = 4; lastKnownFileType = sourcecode.swift; path = URLService.swift; sourceTree = "<group>"; };
		4DF70E232A1C8DE50082823A /* ItunesService.swift */ = {isa = PBXFileReference; fileEncoding = 4; lastKnownFileType = sourcecode.swift; path = ItunesService.swift; sourceTree = "<group>"; };
		4DF70E262A1C8DE60082823A /* ImageCache.swift */ = {isa = PBXFileReference; fileEncoding = 4; lastKnownFileType = sourcecode.swift; path = ImageCache.swift; sourceTree = "<group>"; };
		4DF70E272A1C8DE60082823A /* ReadPList.swift */ = {isa = PBXFileReference; fileEncoding = 4; lastKnownFileType = sourcecode.swift; path = ReadPList.swift; sourceTree = "<group>"; };
		4DF70E282A1C8DE60082823A /* GlobalAlert.swift */ = {isa = PBXFileReference; fileEncoding = 4; lastKnownFileType = sourcecode.swift; path = GlobalAlert.swift; sourceTree = "<group>"; };
		4DF70E292A1C8DE60082823A /* ReadJson.swift */ = {isa = PBXFileReference; fileEncoding = 4; lastKnownFileType = sourcecode.swift; path = ReadJson.swift; sourceTree = "<group>"; };
		4DF70E2B2A1C8DE60082823A /* Inject.swift */ = {isa = PBXFileReference; fileEncoding = 4; lastKnownFileType = sourcecode.swift; path = Inject.swift; sourceTree = "<group>"; };
		4DF70E2D2A1C8DE60082823A /* UIApplication + Extension.swift */ = {isa = PBXFileReference; fileEncoding = 4; lastKnownFileType = sourcecode.swift; path = "UIApplication + Extension.swift"; sourceTree = "<group>"; };
		4DF70E412A1C937C0082823A /* Track.swift */ = {isa = PBXFileReference; fileEncoding = 4; lastKnownFileType = sourcecode.swift; path = Track.swift; sourceTree = "<group>"; };
		4DF70E422A1C937C0082823A /* ItunesResponse.swift */ = {isa = PBXFileReference; fileEncoding = 4; lastKnownFileType = sourcecode.swift; path = ItunesResponse.swift; sourceTree = "<group>"; };
		4DF70E472A1C97940082823A /* BaseInterceptor.swift */ = {isa = PBXFileReference; lastKnownFileType = sourcecode.swift; path = BaseInterceptor.swift; sourceTree = "<group>"; };
		4DF70E492A1C9D1F0082823A /* APIRequestError.swift */ = {isa = PBXFileReference; lastKnownFileType = sourcecode.swift; path = APIRequestError.swift; sourceTree = "<group>"; };
		4DF70E632A1CB2FD0082823A /* TabBarViewController.swift */ = {isa = PBXFileReference; lastKnownFileType = sourcecode.swift; path = TabBarViewController.swift; sourceTree = "<group>"; };
		4DF70E672A1CBA730082823A /* TodayViewController.swift */ = {isa = PBXFileReference; lastKnownFileType = sourcecode.swift; path = TodayViewController.swift; sourceTree = "<group>"; };
		4DF70E6F2A1CBACA0082823A /* TodayViewModel.swift */ = {isa = PBXFileReference; lastKnownFileType = sourcecode.swift; path = TodayViewModel.swift; sourceTree = "<group>"; };
/* End PBXFileReference section */

/* Begin PBXFrameworksBuildPhase section */
		4DF70DC72A1C52330082823A /* Frameworks */ = {
			isa = PBXFrameworksBuildPhase;
			buildActionMask = 2147483647;
			files = (
				4DF70E5F2A1CAEE10082823A /* RxSwift in Frameworks */,
				4DF70E5D2A1CAEE10082823A /* RxRelay in Frameworks */,
				4DF70E5B2A1CAEE10082823A /* RxCocoa in Frameworks */,
			);
			runOnlyForDeploymentPostprocessing = 0;
		};
		4DF70DE02A1C52380082823A /* Frameworks */ = {
			isa = PBXFrameworksBuildPhase;
			buildActionMask = 2147483647;
			files = (
			);
			runOnlyForDeploymentPostprocessing = 0;
		};
		4DF70DEA2A1C52380082823A /* Frameworks */ = {
			isa = PBXFrameworksBuildPhase;
			buildActionMask = 2147483647;
			files = (
			);
			runOnlyForDeploymentPostprocessing = 0;
		};
/* End PBXFrameworksBuildPhase section */

/* Begin PBXGroup section */
		4D1B7CAA2A1DF445000F1A0B /* Resource */ = {
			isa = PBXGroup;
			children = (
				4D1B7CAB2A1DF445000F1A0B /* AppStoreClone.xcdatamodeld */,
				4D1B7CAD2A1DF445000F1A0B /* Assets.xcassets */,
				4D1B7CAE2A1DF445000F1A0B /* LaunchScreen.storyboard */,
			);
			path = Resource;
			sourceTree = "<group>";
		};
		4DF70DC12A1C52330082823A = {
			isa = PBXGroup;
			children = (
				4DF70DCC2A1C52340082823A /* AppStoreClone */,
				4DF70DE62A1C52380082823A /* AppStoreCloneTests */,
				4DF70DF02A1C52380082823A /* AppStoreCloneUITests */,
				4DF70DCB2A1C52340082823A /* Products */,
				4DF70E4B2A1CAD0D0082823A /* Frameworks */,
			);
			sourceTree = "<group>";
		};
		4DF70DCB2A1C52340082823A /* Products */ = {
			isa = PBXGroup;
			children = (
				4DF70DCA2A1C52340082823A /* AppStoreClone.app */,
				4DF70DE32A1C52380082823A /* AppStoreCloneTests.xctest */,
				4DF70DED2A1C52380082823A /* AppStoreCloneUITests.xctest */,
			);
			name = Products;
			sourceTree = "<group>";
		};
		4DF70DCC2A1C52340082823A /* AppStoreClone */ = {
			isa = PBXGroup;
			children = (
				4DF70E132A1C8DE50082823A /* DI */,
				4DF70E242A1C8DE60082823A /* Error */,
				4DF70E2C2A1C8DE60082823A /* Extension */,
				4DF70E152A1C8DE50082823A /* Model */,
				4DF70E2A2A1C8DE60082823A /* PropertyWrapper */,
				4DF70E192A1C8DE50082823A /* Service */,
				4DF70E252A1C8DE60082823A /* Util */,
				4DF70E112A1C8D860082823A /* Module */,
				4D1B7CAA2A1DF445000F1A0B /* Resource */,
				4D1B7CB62A1DF475000F1A0B /* ViewController.swift */,
				4DF70DCD2A1C52340082823A /* AppDelegate.swift */,
				4DF70DCF2A1C52340082823A /* SceneDelegate.swift */,
				4DF70DDE2A1C52370082823A /* Info.plist */,
			);
			path = AppStoreClone;
			sourceTree = "<group>";
		};
		4DF70DE62A1C52380082823A /* AppStoreCloneTests */ = {
			isa = PBXGroup;
			children = (
				4DF70DE72A1C52380082823A /* AppStoreCloneTests.swift */,
			);
			path = AppStoreCloneTests;
			sourceTree = "<group>";
		};
		4DF70DF02A1C52380082823A /* AppStoreCloneUITests */ = {
			isa = PBXGroup;
			children = (
				4DF70DF12A1C52380082823A /* AppStoreCloneUITests.swift */,
				4DF70DF32A1C52380082823A /* AppStoreCloneUITestsLaunchTests.swift */,
			);
			path = AppStoreCloneUITests;
			sourceTree = "<group>";
		};
		4DF70E112A1C8D860082823A /* Module */ = {
			isa = PBXGroup;
			children = (
				4DF70E622A1CB1550082823A /* Common */,
				4DF70E692A1CBA750082823A /* Today */,
				4DF70E6A2A1CBA7C0082823A /* Game */,
				4DF70E6B2A1CBAA30082823A /* App */,
				4DF70E6C2A1CBAA70082823A /* Arcade */,
				4DF70E6D2A1CBAAC0082823A /* Search */,
			);
			path = Module;
			sourceTree = "<group>";
		};
		4DF70E132A1C8DE50082823A /* DI */ = {
			isa = PBXGroup;
			children = (
				4DF70E142A1C8DE50082823A /* DIContainer.swift */,
			);
			path = DI;
			sourceTree = "<group>";
		};
		4DF70E152A1C8DE50082823A /* Model */ = {
			isa = PBXGroup;
			children = (
				4DF70E402A1C937C0082823A /* Itunes */,
			);
			path = Model;
			sourceTree = "<group>";
		};
		4DF70E192A1C8DE50082823A /* Service */ = {
			isa = PBXGroup;
			children = (
				4DF70E1A2A1C8DE50082823A /* Networking */,
				4DF70E202A1C8DE50082823A /* Stub */,
				4DF70E222A1C8DE50082823A /* API */,
			);
			path = Service;
			sourceTree = "<group>";
		};
		4DF70E1A2A1C8DE50082823A /* Networking */ = {
			isa = PBXGroup;
			children = (
				4DF70E1B2A1C8DE50082823A /* ImageLoader.swift */,
				4DF70E1C2A1C8DE50082823A /* APIRequestService.swift */,
				4DF70E472A1C97940082823A /* BaseInterceptor.swift */,
				4DF70E1E2A1C8DE50082823A /* HeaderCommon.swift */,
				4DF70E1F2A1C8DE50082823A /* URLService.swift */,
			);
			path = Networking;
			sourceTree = "<group>";
		};
		4DF70E202A1C8DE50082823A /* Stub */ = {
			isa = PBXGroup;
			children = (
			);
			path = Stub;
			sourceTree = "<group>";
		};
		4DF70E222A1C8DE50082823A /* API */ = {
			isa = PBXGroup;
			children = (
				4DF70E232A1C8DE50082823A /* ItunesService.swift */,
			);
			path = API;
			sourceTree = "<group>";
		};
		4DF70E242A1C8DE60082823A /* Error */ = {
			isa = PBXGroup;
			children = (
				4DF70E492A1C9D1F0082823A /* APIRequestError.swift */,
			);
			path = Error;
			sourceTree = "<group>";
		};
		4DF70E252A1C8DE60082823A /* Util */ = {
			isa = PBXGroup;
			children = (
				4D897C082A1CF96B00442D39 /* GridCollectionViewFlowLayout.swift */,
				4DF70E262A1C8DE60082823A /* ImageCache.swift */,
				4DF70E272A1C8DE60082823A /* ReadPList.swift */,
				4DF70E282A1C8DE60082823A /* GlobalAlert.swift */,
				4DF70E292A1C8DE60082823A /* ReadJson.swift */,
			);
			path = Util;
			sourceTree = "<group>";
		};
		4DF70E2A2A1C8DE60082823A /* PropertyWrapper */ = {
			isa = PBXGroup;
			children = (
				4DF70E2B2A1C8DE60082823A /* Inject.swift */,
			);
			path = PropertyWrapper;
			sourceTree = "<group>";
		};
		4DF70E2C2A1C8DE60082823A /* Extension */ = {
			isa = PBXGroup;
			children = (
				4DF70E2D2A1C8DE60082823A /* UIApplication + Extension.swift */,
			);
			path = Extension;
			sourceTree = "<group>";
		};
		4DF70E402A1C937C0082823A /* Itunes */ = {
			isa = PBXGroup;
			children = (
				4DF70E412A1C937C0082823A /* Track.swift */,
				4DF70E422A1C937C0082823A /* ItunesResponse.swift */,
			);
			path = Itunes;
			sourceTree = "<group>";
		};
		4DF70E4B2A1CAD0D0082823A /* Frameworks */ = {
			isa = PBXGroup;
			children = (
			);
			name = Frameworks;
			sourceTree = "<group>";
		};
		4DF70E622A1CB1550082823A /* Common */ = {
			isa = PBXGroup;
			children = (
				4DF70E662A1CB3110082823A /* Cell */,
				4DF70E652A1CB2FF0082823A /* TabBar */,
			);
			path = Common;
			sourceTree = "<group>";
		};
		4DF70E652A1CB2FF0082823A /* TabBar */ = {
			isa = PBXGroup;
			children = (
				4DF70E632A1CB2FD0082823A /* TabBarViewController.swift */,
			);
			path = TabBar;
			sourceTree = "<group>";
		};
		4DF70E662A1CB3110082823A /* Cell */ = {
			isa = PBXGroup;
			children = (
			);
			path = Cell;
			sourceTree = "<group>";
		};
		4DF70E692A1CBA750082823A /* Today */ = {
			isa = PBXGroup;
			children = (
				4DF70E672A1CBA730082823A /* TodayViewController.swift */,
				4DF70E6F2A1CBACA0082823A /* TodayViewModel.swift */,
			);
			path = Today;
			sourceTree = "<group>";
		};
		4DF70E6A2A1CBA7C0082823A /* Game */ = {
			isa = PBXGroup;
			children = (
			);
			path = Game;
			sourceTree = "<group>";
		};
		4DF70E6B2A1CBAA30082823A /* App */ = {
			isa = PBXGroup;
			children = (
			);
			path = App;
			sourceTree = "<group>";
		};
		4DF70E6C2A1CBAA70082823A /* Arcade */ = {
			isa = PBXGroup;
			children = (
			);
			path = Arcade;
			sourceTree = "<group>";
		};
		4DF70E6D2A1CBAAC0082823A /* Search */ = {
			isa = PBXGroup;
			children = (
				4D897C042A1CF8C600442D39 /* SearchViewController.swift */,
				4D897C062A1CF8FC00442D39 /* SearchViewModel.swift */,
			);
			path = Search;
			sourceTree = "<group>";
		};
/* End PBXGroup section */

/* Begin PBXNativeTarget section */
		4DF70DC92A1C52330082823A /* AppStoreClone */ = {
			isa = PBXNativeTarget;
			buildConfigurationList = 4DF70DF72A1C52380082823A /* Build configuration list for PBXNativeTarget "AppStoreClone" */;
			buildPhases = (
				4DF70DC62A1C52330082823A /* Sources */,
				4DF70DC72A1C52330082823A /* Frameworks */,
				4DF70DC82A1C52330082823A /* Resources */,
				4DF70E582A1CAD100082823A /* Embed Frameworks */,
			);
			buildRules = (
			);
			dependencies = (
			);
			name = AppStoreClone;
			packageProductDependencies = (
				4DF70E5A2A1CAEE10082823A /* RxCocoa */,
				4DF70E5C2A1CAEE10082823A /* RxRelay */,
				4DF70E5E2A1CAEE10082823A /* RxSwift */,
			);
			productName = AppStoreClone;
			productReference = 4DF70DCA2A1C52340082823A /* AppStoreClone.app */;
			productType = "com.apple.product-type.application";
		};
		4DF70DE22A1C52380082823A /* AppStoreCloneTests */ = {
			isa = PBXNativeTarget;
			buildConfigurationList = 4DF70DFA2A1C52380082823A /* Build configuration list for PBXNativeTarget "AppStoreCloneTests" */;
			buildPhases = (
				4DF70DDF2A1C52380082823A /* Sources */,
				4DF70DE02A1C52380082823A /* Frameworks */,
				4DF70DE12A1C52380082823A /* Resources */,
			);
			buildRules = (
			);
			dependencies = (
				4DF70DE52A1C52380082823A /* PBXTargetDependency */,
			);
			name = AppStoreCloneTests;
			productName = AppStoreCloneTests;
			productReference = 4DF70DE32A1C52380082823A /* AppStoreCloneTests.xctest */;
			productType = "com.apple.product-type.bundle.unit-test";
		};
		4DF70DEC2A1C52380082823A /* AppStoreCloneUITests */ = {
			isa = PBXNativeTarget;
			buildConfigurationList = 4DF70DFD2A1C52380082823A /* Build configuration list for PBXNativeTarget "AppStoreCloneUITests" */;
			buildPhases = (
				4DF70DE92A1C52380082823A /* Sources */,
				4DF70DEA2A1C52380082823A /* Frameworks */,
				4DF70DEB2A1C52380082823A /* Resources */,
			);
			buildRules = (
			);
			dependencies = (
				4DF70DEF2A1C52380082823A /* PBXTargetDependency */,
			);
			name = AppStoreCloneUITests;
			productName = AppStoreCloneUITests;
			productReference = 4DF70DED2A1C52380082823A /* AppStoreCloneUITests.xctest */;
			productType = "com.apple.product-type.bundle.ui-testing";
		};
/* End PBXNativeTarget section */

/* Begin PBXProject section */
		4DF70DC22A1C52330082823A /* Project object */ = {
			isa = PBXProject;
			attributes = {
				BuildIndependentTargetsInParallel = 1;
				LastSwiftUpdateCheck = 1430;
				LastUpgradeCheck = 1430;
				TargetAttributes = {
					4DF70DC92A1C52330082823A = {
						CreatedOnToolsVersion = 14.3;
					};
					4DF70DE22A1C52380082823A = {
						CreatedOnToolsVersion = 14.3;
						TestTargetID = 4DF70DC92A1C52330082823A;
					};
					4DF70DEC2A1C52380082823A = {
						CreatedOnToolsVersion = 14.3;
						TestTargetID = 4DF70DC92A1C52330082823A;
					};
				};
			};
			buildConfigurationList = 4DF70DC52A1C52330082823A /* Build configuration list for PBXProject "AppStoreClone" */;
			compatibilityVersion = "Xcode 14.0";
			developmentRegion = en;
			hasScannedForEncodings = 0;
			knownRegions = (
				en,
				Base,
			);
			mainGroup = 4DF70DC12A1C52330082823A;
			packageReferences = (
				4DF70E592A1CAEAA0082823A /* XCRemoteSwiftPackageReference "RxSwift" */,
			);
			productRefGroup = 4DF70DCB2A1C52340082823A /* Products */;
			projectDirPath = "";
			projectRoot = "";
			targets = (
				4DF70DC92A1C52330082823A /* AppStoreClone */,
				4DF70DE22A1C52380082823A /* AppStoreCloneTests */,
				4DF70DEC2A1C52380082823A /* AppStoreCloneUITests */,
			);
		};
/* End PBXProject section */

/* Begin PBXResourcesBuildPhase section */
		4DF70DC82A1C52330082823A /* Resources */ = {
			isa = PBXResourcesBuildPhase;
			buildActionMask = 2147483647;
			files = (
				4D1B7CB32A1DF445000F1A0B /* Assets.xcassets in Resources */,
				4D1B7CB42A1DF445000F1A0B /* LaunchScreen.storyboard in Resources */,
			);
			runOnlyForDeploymentPostprocessing = 0;
		};
		4DF70DE12A1C52380082823A /* Resources */ = {
			isa = PBXResourcesBuildPhase;
			buildActionMask = 2147483647;
			files = (
			);
			runOnlyForDeploymentPostprocessing = 0;
		};
		4DF70DEB2A1C52380082823A /* Resources */ = {
			isa = PBXResourcesBuildPhase;
			buildActionMask = 2147483647;
			files = (
			);
			runOnlyForDeploymentPostprocessing = 0;
		};
/* End PBXResourcesBuildPhase section */

/* Begin PBXSourcesBuildPhase section */
		4DF70DC62A1C52330082823A /* Sources */ = {
			isa = PBXSourcesBuildPhase;
			buildActionMask = 2147483647;
			files = (
				4DF70E3D2A1C8DE60082823A /* Inject.swift in Sources */,
				4DF70E702A1CBACA0082823A /* TodayViewModel.swift in Sources */,
				4DF70E432A1C937C0082823A /* Track.swift in Sources */,
				4DF70E642A1CB2FD0082823A /* TabBarViewController.swift in Sources */,
				4D1B7CB22A1DF445000F1A0B /* AppStoreClone.xcdatamodeld in Sources */,
				4DF70E332A1C8DE60082823A /* APIRequestService.swift in Sources */,
				4DF70E482A1C97940082823A /* BaseInterceptor.swift in Sources */,
				4DF70E442A1C937C0082823A /* ItunesResponse.swift in Sources */,
				4D1B7CB72A1DF476000F1A0B /* ViewController.swift in Sources */,
				4DF70E2F2A1C8DE60082823A /* DIContainer.swift in Sources */,
				4DF70E3E2A1C8DE60082823A /* UIApplication + Extension.swift in Sources */,
				4DF70E682A1CBA730082823A /* TodayViewController.swift in Sources */,
				4DF70E3C2A1C8DE60082823A /* ReadJson.swift in Sources */,
				4DF70DCE2A1C52340082823A /* AppDelegate.swift in Sources */,
				4DF70E3B2A1C8DE60082823A /* GlobalAlert.swift in Sources */,
				4DF70E352A1C8DE60082823A /* HeaderCommon.swift in Sources */,
				4D897C092A1CF96B00442D39 /* GridCollectionViewFlowLayout.swift in Sources */,
				4DF70E362A1C8DE60082823A /* URLService.swift in Sources */,
				4DF70DD02A1C52340082823A /* SceneDelegate.swift in Sources */,
				4D897C052A1CF8C600442D39 /* SearchViewController.swift in Sources */,
				4DF70E322A1C8DE60082823A /* ImageLoader.swift in Sources */,
				4DF70E4A2A1C9D1F0082823A /* APIRequestError.swift in Sources */,
				4D897C072A1CF8FC00442D39 /* SearchViewModel.swift in Sources */,
				4DF70E392A1C8DE60082823A /* ImageCache.swift in Sources */,
				4DF70E382A1C8DE60082823A /* ItunesService.swift in Sources */,
				4DF70E3A2A1C8DE60082823A /* ReadPList.swift in Sources */,
			);
			runOnlyForDeploymentPostprocessing = 0;
		};
		4DF70DDF2A1C52380082823A /* Sources */ = {
			isa = PBXSourcesBuildPhase;
			buildActionMask = 2147483647;
			files = (
				4DF70DE82A1C52380082823A /* AppStoreCloneTests.swift in Sources */,
			);
			runOnlyForDeploymentPostprocessing = 0;
		};
		4DF70DE92A1C52380082823A /* Sources */ = {
			isa = PBXSourcesBuildPhase;
			buildActionMask = 2147483647;
			files = (
				4DF70DF42A1C52380082823A /* AppStoreCloneUITestsLaunchTests.swift in Sources */,
				4DF70DF22A1C52380082823A /* AppStoreCloneUITests.swift in Sources */,
			);
			runOnlyForDeploymentPostprocessing = 0;
		};
/* End PBXSourcesBuildPhase section */

/* Begin PBXTargetDependency section */
		4DF70DE52A1C52380082823A /* PBXTargetDependency */ = {
			isa = PBXTargetDependency;
			target = 4DF70DC92A1C52330082823A /* AppStoreClone */;
			targetProxy = 4DF70DE42A1C52380082823A /* PBXContainerItemProxy */;
		};
		4DF70DEF2A1C52380082823A /* PBXTargetDependency */ = {
			isa = PBXTargetDependency;
			target = 4DF70DC92A1C52330082823A /* AppStoreClone */;
			targetProxy = 4DF70DEE2A1C52380082823A /* PBXContainerItemProxy */;
		};
/* End PBXTargetDependency section */

/* Begin PBXVariantGroup section */
		4D1B7CAE2A1DF445000F1A0B /* LaunchScreen.storyboard */ = {
			isa = PBXVariantGroup;
			children = (
				4D1B7CAF2A1DF445000F1A0B /* Base */,
			);
			name = LaunchScreen.storyboard;
			sourceTree = "<group>";
		};
/* End PBXVariantGroup section */

/* Begin XCBuildConfiguration section */
		4DF70DF52A1C52380082823A /* Debug */ = {
			isa = XCBuildConfiguration;
			buildSettings = {
				ALWAYS_SEARCH_USER_PATHS = NO;
				CLANG_ANALYZER_NONNULL = YES;
				CLANG_ANALYZER_NUMBER_OBJECT_CONVERSION = YES_AGGRESSIVE;
				CLANG_CXX_LANGUAGE_STANDARD = "gnu++20";
				CLANG_ENABLE_MODULES = YES;
				CLANG_ENABLE_OBJC_ARC = YES;
				CLANG_ENABLE_OBJC_WEAK = YES;
				CLANG_WARN_BLOCK_CAPTURE_AUTORELEASING = YES;
				CLANG_WARN_BOOL_CONVERSION = YES;
				CLANG_WARN_COMMA = YES;
				CLANG_WARN_CONSTANT_CONVERSION = YES;
				CLANG_WARN_DEPRECATED_OBJC_IMPLEMENTATIONS = YES;
				CLANG_WARN_DIRECT_OBJC_ISA_USAGE = YES_ERROR;
				CLANG_WARN_DOCUMENTATION_COMMENTS = YES;
				CLANG_WARN_EMPTY_BODY = YES;
				CLANG_WARN_ENUM_CONVERSION = YES;
				CLANG_WARN_INFINITE_RECURSION = YES;
				CLANG_WARN_INT_CONVERSION = YES;
				CLANG_WARN_NON_LITERAL_NULL_CONVERSION = YES;
				CLANG_WARN_OBJC_IMPLICIT_RETAIN_SELF = YES;
				CLANG_WARN_OBJC_LITERAL_CONVERSION = YES;
				CLANG_WARN_OBJC_ROOT_CLASS = YES_ERROR;
				CLANG_WARN_QUOTED_INCLUDE_IN_FRAMEWORK_HEADER = YES;
				CLANG_WARN_RANGE_LOOP_ANALYSIS = YES;
				CLANG_WARN_STRICT_PROTOTYPES = YES;
				CLANG_WARN_SUSPICIOUS_MOVE = YES;
				CLANG_WARN_UNGUARDED_AVAILABILITY = YES_AGGRESSIVE;
				CLANG_WARN_UNREACHABLE_CODE = YES;
				CLANG_WARN__DUPLICATE_METHOD_MATCH = YES;
				COPY_PHASE_STRIP = NO;
				DEBUG_INFORMATION_FORMAT = dwarf;
				ENABLE_STRICT_OBJC_MSGSEND = YES;
				ENABLE_TESTABILITY = YES;
				GCC_C_LANGUAGE_STANDARD = gnu11;
				GCC_DYNAMIC_NO_PIC = NO;
				GCC_NO_COMMON_BLOCKS = YES;
				GCC_OPTIMIZATION_LEVEL = 0;
				GCC_PREPROCESSOR_DEFINITIONS = (
					"DEBUG=1",
					"$(inherited)",
				);
				GCC_WARN_64_TO_32_BIT_CONVERSION = YES;
				GCC_WARN_ABOUT_RETURN_TYPE = YES_ERROR;
				GCC_WARN_UNDECLARED_SELECTOR = YES;
				GCC_WARN_UNINITIALIZED_AUTOS = YES_AGGRESSIVE;
				GCC_WARN_UNUSED_FUNCTION = YES;
				GCC_WARN_UNUSED_VARIABLE = YES;
				IPHONEOS_DEPLOYMENT_TARGET = 16.4;
				MTL_ENABLE_DEBUG_INFO = INCLUDE_SOURCE;
				MTL_FAST_MATH = YES;
				ONLY_ACTIVE_ARCH = YES;
				SDKROOT = iphoneos;
				SWIFT_ACTIVE_COMPILATION_CONDITIONS = DEBUG;
				SWIFT_OPTIMIZATION_LEVEL = "-Onone";
			};
			name = Debug;
		};
		4DF70DF62A1C52380082823A /* Release */ = {
			isa = XCBuildConfiguration;
			buildSettings = {
				ALWAYS_SEARCH_USER_PATHS = NO;
				CLANG_ANALYZER_NONNULL = YES;
				CLANG_ANALYZER_NUMBER_OBJECT_CONVERSION = YES_AGGRESSIVE;
				CLANG_CXX_LANGUAGE_STANDARD = "gnu++20";
				CLANG_ENABLE_MODULES = YES;
				CLANG_ENABLE_OBJC_ARC = YES;
				CLANG_ENABLE_OBJC_WEAK = YES;
				CLANG_WARN_BLOCK_CAPTURE_AUTORELEASING = YES;
				CLANG_WARN_BOOL_CONVERSION = YES;
				CLANG_WARN_COMMA = YES;
				CLANG_WARN_CONSTANT_CONVERSION = YES;
				CLANG_WARN_DEPRECATED_OBJC_IMPLEMENTATIONS = YES;
				CLANG_WARN_DIRECT_OBJC_ISA_USAGE = YES_ERROR;
				CLANG_WARN_DOCUMENTATION_COMMENTS = YES;
				CLANG_WARN_EMPTY_BODY = YES;
				CLANG_WARN_ENUM_CONVERSION = YES;
				CLANG_WARN_INFINITE_RECURSION = YES;
				CLANG_WARN_INT_CONVERSION = YES;
				CLANG_WARN_NON_LITERAL_NULL_CONVERSION = YES;
				CLANG_WARN_OBJC_IMPLICIT_RETAIN_SELF = YES;
				CLANG_WARN_OBJC_LITERAL_CONVERSION = YES;
				CLANG_WARN_OBJC_ROOT_CLASS = YES_ERROR;
				CLANG_WARN_QUOTED_INCLUDE_IN_FRAMEWORK_HEADER = YES;
				CLANG_WARN_RANGE_LOOP_ANALYSIS = YES;
				CLANG_WARN_STRICT_PROTOTYPES = YES;
				CLANG_WARN_SUSPICIOUS_MOVE = YES;
				CLANG_WARN_UNGUARDED_AVAILABILITY = YES_AGGRESSIVE;
				CLANG_WARN_UNREACHABLE_CODE = YES;
				CLANG_WARN__DUPLICATE_METHOD_MATCH = YES;
				COPY_PHASE_STRIP = NO;
				DEBUG_INFORMATION_FORMAT = "dwarf-with-dsym";
				ENABLE_NS_ASSERTIONS = NO;
				ENABLE_STRICT_OBJC_MSGSEND = YES;
				GCC_C_LANGUAGE_STANDARD = gnu11;
				GCC_NO_COMMON_BLOCKS = YES;
				GCC_WARN_64_TO_32_BIT_CONVERSION = YES;
				GCC_WARN_ABOUT_RETURN_TYPE = YES_ERROR;
				GCC_WARN_UNDECLARED_SELECTOR = YES;
				GCC_WARN_UNINITIALIZED_AUTOS = YES_AGGRESSIVE;
				GCC_WARN_UNUSED_FUNCTION = YES;
				GCC_WARN_UNUSED_VARIABLE = YES;
				IPHONEOS_DEPLOYMENT_TARGET = 16.4;
				MTL_ENABLE_DEBUG_INFO = NO;
				MTL_FAST_MATH = YES;
				SDKROOT = iphoneos;
				SWIFT_COMPILATION_MODE = wholemodule;
				SWIFT_OPTIMIZATION_LEVEL = "-O";
				VALIDATE_PRODUCT = YES;
			};
			name = Release;
		};
		4DF70DF82A1C52380082823A /* Debug */ = {
			isa = XCBuildConfiguration;
			buildSettings = {
				ASSETCATALOG_COMPILER_APPICON_NAME = AppIcon;
				ASSETCATALOG_COMPILER_GLOBAL_ACCENT_COLOR_NAME = AccentColor;
				CODE_SIGN_STYLE = Automatic;
				CURRENT_PROJECT_VERSION = 1;
				DEVELOPMENT_TEAM = 2KQLD72485;
				GENERATE_INFOPLIST_FILE = YES;
				INFOPLIST_FILE = AppStoreClone/Info.plist;
				INFOPLIST_KEY_UIApplicationSupportsIndirectInputEvents = YES;
				INFOPLIST_KEY_UILaunchStoryboardName = LaunchScreen;
				INFOPLIST_KEY_UISupportedInterfaceOrientations_iPad = "UIInterfaceOrientationPortrait UIInterfaceOrientationPortraitUpsideDown UIInterfaceOrientationLandscapeLeft UIInterfaceOrientationLandscapeRight";
				INFOPLIST_KEY_UISupportedInterfaceOrientations_iPhone = "UIInterfaceOrientationPortrait UIInterfaceOrientationLandscapeLeft UIInterfaceOrientationLandscapeRight";
				IPHONEOS_DEPLOYMENT_TARGET = 16.0;
				LD_RUNPATH_SEARCH_PATHS = (
					"$(inherited)",
					"@executable_path/Frameworks",
				);
				MARKETING_VERSION = 1.0;
				PRODUCT_BUNDLE_IDENTIFIER = "com.wi-seong.AppStoreClone";
				PRODUCT_NAME = "$(TARGET_NAME)";
				SUPPORTED_PLATFORMS = "iphoneos iphonesimulator";
				SUPPORTS_MACCATALYST = NO;
				SUPPORTS_MAC_DESIGNED_FOR_IPHONE_IPAD = NO;
				SWIFT_EMIT_LOC_STRINGS = YES;
				SWIFT_VERSION = 5.0;
				TARGETED_DEVICE_FAMILY = 1;
			};
			name = Debug;
		};
		4DF70DF92A1C52380082823A /* Release */ = {
			isa = XCBuildConfiguration;
			buildSettings = {
				ASSETCATALOG_COMPILER_APPICON_NAME = AppIcon;
				ASSETCATALOG_COMPILER_GLOBAL_ACCENT_COLOR_NAME = AccentColor;
				CODE_SIGN_STYLE = Automatic;
				CURRENT_PROJECT_VERSION = 1;
				DEVELOPMENT_TEAM = 2KQLD72485;
				GENERATE_INFOPLIST_FILE = YES;
				INFOPLIST_FILE = AppStoreClone/Info.plist;
				INFOPLIST_KEY_UIApplicationSupportsIndirectInputEvents = YES;
				INFOPLIST_KEY_UILaunchStoryboardName = LaunchScreen;
				INFOPLIST_KEY_UISupportedInterfaceOrientations_iPad = "UIInterfaceOrientationPortrait UIInterfaceOrientationPortraitUpsideDown UIInterfaceOrientationLandscapeLeft UIInterfaceOrientationLandscapeRight";
				INFOPLIST_KEY_UISupportedInterfaceOrientations_iPhone = "UIInterfaceOrientationPortrait UIInterfaceOrientationLandscapeLeft UIInterfaceOrientationLandscapeRight";
				IPHONEOS_DEPLOYMENT_TARGET = 16.0;
				LD_RUNPATH_SEARCH_PATHS = (
					"$(inherited)",
					"@executable_path/Frameworks",
				);
				MARKETING_VERSION = 1.0;
				PRODUCT_BUNDLE_IDENTIFIER = "com.wi-seong.AppStoreClone";
				PRODUCT_NAME = "$(TARGET_NAME)";
				SUPPORTED_PLATFORMS = "iphoneos iphonesimulator";
				SUPPORTS_MACCATALYST = NO;
				SUPPORTS_MAC_DESIGNED_FOR_IPHONE_IPAD = NO;
				SWIFT_EMIT_LOC_STRINGS = YES;
				SWIFT_VERSION = 5.0;
				TARGETED_DEVICE_FAMILY = 1;
			};
			name = Release;
		};
		4DF70DFB2A1C52380082823A /* Debug */ = {
			isa = XCBuildConfiguration;
			buildSettings = {
				ALWAYS_EMBED_SWIFT_STANDARD_LIBRARIES = YES;
				BUNDLE_LOADER = "$(TEST_HOST)";
				CODE_SIGN_STYLE = Automatic;
				CURRENT_PROJECT_VERSION = 1;
				DEVELOPMENT_TEAM = 2KQLD72485;
				GENERATE_INFOPLIST_FILE = YES;
				IPHONEOS_DEPLOYMENT_TARGET = 16.4;
				MARKETING_VERSION = 1.0;
				PRODUCT_BUNDLE_IDENTIFIER = "com.wi-seong.AppStoreCloneTests";
				PRODUCT_NAME = "$(TARGET_NAME)";
				SWIFT_EMIT_LOC_STRINGS = NO;
				SWIFT_VERSION = 5.0;
				TARGETED_DEVICE_FAMILY = "1,2";
				TEST_HOST = "$(BUILT_PRODUCTS_DIR)/AppStoreClone.app/$(BUNDLE_EXECUTABLE_FOLDER_PATH)/AppStoreClone";
			};
			name = Debug;
		};
		4DF70DFC2A1C52380082823A /* Release */ = {
			isa = XCBuildConfiguration;
			buildSettings = {
				ALWAYS_EMBED_SWIFT_STANDARD_LIBRARIES = YES;
				BUNDLE_LOADER = "$(TEST_HOST)";
				CODE_SIGN_STYLE = Automatic;
				CURRENT_PROJECT_VERSION = 1;
				DEVELOPMENT_TEAM = 2KQLD72485;
				GENERATE_INFOPLIST_FILE = YES;
				IPHONEOS_DEPLOYMENT_TARGET = 16.4;
				MARKETING_VERSION = 1.0;
				PRODUCT_BUNDLE_IDENTIFIER = "com.wi-seong.AppStoreCloneTests";
				PRODUCT_NAME = "$(TARGET_NAME)";
				SWIFT_EMIT_LOC_STRINGS = NO;
				SWIFT_VERSION = 5.0;
				TARGETED_DEVICE_FAMILY = "1,2";
				TEST_HOST = "$(BUILT_PRODUCTS_DIR)/AppStoreClone.app/$(BUNDLE_EXECUTABLE_FOLDER_PATH)/AppStoreClone";
			};
			name = Release;
		};
		4DF70DFE2A1C52380082823A /* Debug */ = {
			isa = XCBuildConfiguration;
			buildSettings = {
				ALWAYS_EMBED_SWIFT_STANDARD_LIBRARIES = YES;
				CODE_SIGN_STYLE = Automatic;
				CURRENT_PROJECT_VERSION = 1;
				DEVELOPMENT_TEAM = 2KQLD72485;
				GENERATE_INFOPLIST_FILE = YES;
				MARKETING_VERSION = 1.0;
				PRODUCT_BUNDLE_IDENTIFIER = "com.wi-seong.AppStoreCloneUITests";
				PRODUCT_NAME = "$(TARGET_NAME)";
				SWIFT_EMIT_LOC_STRINGS = NO;
				SWIFT_VERSION = 5.0;
				TARGETED_DEVICE_FAMILY = "1,2";
				TEST_TARGET_NAME = AppStoreClone;
			};
			name = Debug;
		};
		4DF70DFF2A1C52380082823A /* Release */ = {
			isa = XCBuildConfiguration;
			buildSettings = {
				ALWAYS_EMBED_SWIFT_STANDARD_LIBRARIES = YES;
				CODE_SIGN_STYLE = Automatic;
				CURRENT_PROJECT_VERSION = 1;
				DEVELOPMENT_TEAM = 2KQLD72485;
				GENERATE_INFOPLIST_FILE = YES;
				MARKETING_VERSION = 1.0;
				PRODUCT_BUNDLE_IDENTIFIER = "com.wi-seong.AppStoreCloneUITests";
				PRODUCT_NAME = "$(TARGET_NAME)";
				SWIFT_EMIT_LOC_STRINGS = NO;
				SWIFT_VERSION = 5.0;
				TARGETED_DEVICE_FAMILY = "1,2";
				TEST_TARGET_NAME = AppStoreClone;
			};
			name = Release;
		};
/* End XCBuildConfiguration section */

/* Begin XCConfigurationList section */
		4DF70DC52A1C52330082823A /* Build configuration list for PBXProject "AppStoreClone" */ = {
			isa = XCConfigurationList;
			buildConfigurations = (
				4DF70DF52A1C52380082823A /* Debug */,
				4DF70DF62A1C52380082823A /* Release */,
			);
			defaultConfigurationIsVisible = 0;
			defaultConfigurationName = Release;
		};
		4DF70DF72A1C52380082823A /* Build configuration list for PBXNativeTarget "AppStoreClone" */ = {
			isa = XCConfigurationList;
			buildConfigurations = (
				4DF70DF82A1C52380082823A /* Debug */,
				4DF70DF92A1C52380082823A /* Release */,
			);
			defaultConfigurationIsVisible = 0;
			defaultConfigurationName = Release;
		};
		4DF70DFA2A1C52380082823A /* Build configuration list for PBXNativeTarget "AppStoreCloneTests" */ = {
			isa = XCConfigurationList;
			buildConfigurations = (
				4DF70DFB2A1C52380082823A /* Debug */,
				4DF70DFC2A1C52380082823A /* Release */,
			);
			defaultConfigurationIsVisible = 0;
			defaultConfigurationName = Release;
		};
		4DF70DFD2A1C52380082823A /* Build configuration list for PBXNativeTarget "AppStoreCloneUITests" */ = {
			isa = XCConfigurationList;
			buildConfigurations = (
				4DF70DFE2A1C52380082823A /* Debug */,
				4DF70DFF2A1C52380082823A /* Release */,
			);
			defaultConfigurationIsVisible = 0;
			defaultConfigurationName = Release;
		};
/* End XCConfigurationList section */

/* Begin XCRemoteSwiftPackageReference section */
		4DF70E592A1CAEAA0082823A /* XCRemoteSwiftPackageReference "RxSwift" */ = {
			isa = XCRemoteSwiftPackageReference;
			repositoryURL = "https://github.com/ReactiveX/RxSwift.git";
			requirement = {
				kind = upToNextMajorVersion;
				minimumVersion = 6.0.0;
			};
		};
/* End XCRemoteSwiftPackageReference section */

/* Begin XCSwiftPackageProductDependency section */
		4DF70E5A2A1CAEE10082823A /* RxCocoa */ = {
			isa = XCSwiftPackageProductDependency;
			package = 4DF70E592A1CAEAA0082823A /* XCRemoteSwiftPackageReference "RxSwift" */;
			productName = RxCocoa;
		};
		4DF70E5C2A1CAEE10082823A /* RxRelay */ = {
			isa = XCSwiftPackageProductDependency;
			package = 4DF70E592A1CAEAA0082823A /* XCRemoteSwiftPackageReference "RxSwift" */;
			productName = RxRelay;
		};
		4DF70E5E2A1CAEE10082823A /* RxSwift */ = {
			isa = XCSwiftPackageProductDependency;
			package = 4DF70E592A1CAEAA0082823A /* XCRemoteSwiftPackageReference "RxSwift" */;
			productName = RxSwift;
		};
/* End XCSwiftPackageProductDependency section */

/* Begin XCVersionGroup section */
		4D1B7CAB2A1DF445000F1A0B /* AppStoreClone.xcdatamodeld */ = {
			isa = XCVersionGroup;
			children = (
				4D1B7CAC2A1DF445000F1A0B /* AppStoreClone.xcdatamodel */,
			);
			currentVersion = 4D1B7CAC2A1DF445000F1A0B /* AppStoreClone.xcdatamodel */;
			path = AppStoreClone.xcdatamodeld;
			sourceTree = "<group>";
			versionGroupType = wrapper.xcdatamodel;
		};
/* End XCVersionGroup section */
	};
	rootObject = 4DF70DC22A1C52330082823A /* Project object */;
}
