// !$*UTF8*$!
{
	archiveVersion = 1;
	classes = {
	};
	objectVersion = 56;
	objects = {

/* Begin PBXBuildFile section */
		4D00231D2A2595100083FB2A /* SearchSection.swift in Sources */ = {isa = PBXBuildFile; fileRef = 4D00231C2A2595100083FB2A /* SearchSection.swift */; };
		4D00231F2A25954E0083FB2A /* NewItem.swift in Sources */ = {isa = PBXBuildFile; fileRef = 4D00231E2A25954E0083FB2A /* NewItem.swift */; };
		4D0023212A2595630083FB2A /* RecommendItem.swift in Sources */ = {isa = PBXBuildFile; fileRef = 4D0023202A2595630083FB2A /* RecommendItem.swift */; };
		4D1706A92A23073200F1B970 /* UICollectionView + Extension.swift in Sources */ = {isa = PBXBuildFile; fileRef = 4D1706A82A23073200F1B970 /* UICollectionView + Extension.swift */; };
		4D1706AB2A23091000F1B970 /* UITableView + Extension.swift in Sources */ = {isa = PBXBuildFile; fileRef = 4D1706AA2A23091000F1B970 /* UITableView + Extension.swift */; };
		4D191C082A21BD7700826764 /* DetailViewController.swift in Sources */ = {isa = PBXBuildFile; fileRef = 4D191C072A21BD7700826764 /* DetailViewController.swift */; };
		4D191C0A2A21BD7F00826764 /* DetailViewModel.swift in Sources */ = {isa = PBXBuildFile; fileRef = 4D191C092A21BD7F00826764 /* DetailViewModel.swift */; };
		4D191C0E2A21BEE200826764 /* AppTitleCollectionViewCell.swift in Sources */ = {isa = PBXBuildFile; fileRef = 4D191C0D2A21BEE200826764 /* AppTitleCollectionViewCell.swift */; };
		4D191C102A21BEF400826764 /* AppInfoCollectionViewCell.swift in Sources */ = {isa = PBXBuildFile; fileRef = 4D191C0F2A21BEF400826764 /* AppInfoCollectionViewCell.swift */; };
		4D191C122A21BF0800826764 /* AppPreviewCollectionViewCell.swift in Sources */ = {isa = PBXBuildFile; fileRef = 4D191C112A21BF0800826764 /* AppPreviewCollectionViewCell.swift */; };
		4D191C142A21BF4100826764 /* AppExplanationCollectionViewCell.swift in Sources */ = {isa = PBXBuildFile; fileRef = 4D191C132A21BF4100826764 /* AppExplanationCollectionViewCell.swift */; };
		4D191C162A21BF5000826764 /* AppEventCollectionViewCell.swift in Sources */ = {isa = PBXBuildFile; fileRef = 4D191C152A21BF5000826764 /* AppEventCollectionViewCell.swift */; };
		4D191C182A21BFF800826764 /* AppReviewCollectionViewCell.swift in Sources */ = {isa = PBXBuildFile; fileRef = 4D191C172A21BFF800826764 /* AppReviewCollectionViewCell.swift */; };
		4D191C1A2A21C01100826764 /* AppFeatureCollectionViewCell.swift in Sources */ = {isa = PBXBuildFile; fileRef = 4D191C192A21C01100826764 /* AppFeatureCollectionViewCell.swift */; };
		4D191C1C2A21C04600826764 /* AppPrivacyCollectionViewCell.swift in Sources */ = {isa = PBXBuildFile; fileRef = 4D191C1B2A21C04600826764 /* AppPrivacyCollectionViewCell.swift */; };
		4D191C1E2A21C06C00826764 /* AppSupportCollectionViewCell.swift in Sources */ = {isa = PBXBuildFile; fileRef = 4D191C1D2A21C06C00826764 /* AppSupportCollectionViewCell.swift */; };
		4D191C202A21C09200826764 /* AppRelationCollectionViewCell.swift in Sources */ = {isa = PBXBuildFile; fileRef = 4D191C1F2A21C09200826764 /* AppRelationCollectionViewCell.swift */; };
		4D191C222A21C0AE00826764 /* AppLikableCollectionViewCell.swift in Sources */ = {isa = PBXBuildFile; fileRef = 4D191C212A21C0AE00826764 /* AppLikableCollectionViewCell.swift */; };
		4D191C242A21C0E400826764 /* AppBriefInfoCollectionViewCell.swift in Sources */ = {isa = PBXBuildFile; fileRef = 4D191C232A21C0E400826764 /* AppBriefInfoCollectionViewCell.swift */; };
		4D191C272A21C1F000826764 /* StretchableUICollectionViewFlowLayout.swift in Sources */ = {isa = PBXBuildFile; fileRef = 4D191C262A21C1F000826764 /* StretchableUICollectionViewFlowLayout.swift */; };
		4D191C292A21C40300826764 /* ImageHeaderView.swift in Sources */ = {isa = PBXBuildFile; fileRef = 4D191C282A21C40300826764 /* ImageHeaderView.swift */; };
		4D191C2E2A21DE7F00826764 /* DetailSection.swift in Sources */ = {isa = PBXBuildFile; fileRef = 4D191C2D2A21DE7F00826764 /* DetailSection.swift */; };
		4D191C302A21EF2600826764 /* TitleItem.swift in Sources */ = {isa = PBXBuildFile; fileRef = 4D191C2F2A21EF2600826764 /* TitleItem.swift */; };
		4D191C322A21EF3B00826764 /* BriefInfoItem.swift in Sources */ = {isa = PBXBuildFile; fileRef = 4D191C312A21EF3B00826764 /* BriefInfoItem.swift */; };
		4D191C342A220C0000826764 /* PreviewItem.swift in Sources */ = {isa = PBXBuildFile; fileRef = 4D191C332A220C0000826764 /* PreviewItem.swift */; };
		4D191C362A22182000826764 /* ExplanationItem.swift in Sources */ = {isa = PBXBuildFile; fileRef = 4D191C352A22182000826764 /* ExplanationItem.swift */; };
		4D191C382A2218F400826764 /* DeveloperItem.swift in Sources */ = {isa = PBXBuildFile; fileRef = 4D191C372A2218F400826764 /* DeveloperItem.swift */; };
		4D191C3A2A22194B00826764 /* AppDeveloperCollectionViewCell.swift in Sources */ = {isa = PBXBuildFile; fileRef = 4D191C392A22194B00826764 /* AppDeveloperCollectionViewCell.swift */; };
		4D191C3C2A22345100826764 /* AppEvaluationCollectionViewCell.swift in Sources */ = {isa = PBXBuildFile; fileRef = 4D191C3B2A22345100826764 /* AppEvaluationCollectionViewCell.swift */; };
		4D191C3E2A22351600826764 /* EventItem.swift in Sources */ = {isa = PBXBuildFile; fileRef = 4D191C3D2A22351600826764 /* EventItem.swift */; };
		4D191C402A22351F00826764 /* EvaluationItem.swift in Sources */ = {isa = PBXBuildFile; fileRef = 4D191C3F2A22351F00826764 /* EvaluationItem.swift */; };
		4D191C422A22352600826764 /* ReviewItem.swift in Sources */ = {isa = PBXBuildFile; fileRef = 4D191C412A22352600826764 /* ReviewItem.swift */; };
		4D191C442A22352D00826764 /* FeatureItem.swift in Sources */ = {isa = PBXBuildFile; fileRef = 4D191C432A22352D00826764 /* FeatureItem.swift */; };
		4D191C462A22353A00826764 /* PrivacyItem.swift in Sources */ = {isa = PBXBuildFile; fileRef = 4D191C452A22353A00826764 /* PrivacyItem.swift */; };
		4D191C482A22354500826764 /* InfoItem.swift in Sources */ = {isa = PBXBuildFile; fileRef = 4D191C472A22354500826764 /* InfoItem.swift */; };
		4D191C4A2A22355A00826764 /* SupportItem.swift in Sources */ = {isa = PBXBuildFile; fileRef = 4D191C492A22355A00826764 /* SupportItem.swift */; };
		4D191C4C2A22356C00826764 /* RelationItem.swift in Sources */ = {isa = PBXBuildFile; fileRef = 4D191C4B2A22356C00826764 /* RelationItem.swift */; };
		4D191C4E2A22357C00826764 /* LikableItem.swift in Sources */ = {isa = PBXBuildFile; fileRef = 4D191C4D2A22357C00826764 /* LikableItem.swift */; };
		4D191C572A22491500826764 /* CommonCollectionHeaderView.swift in Sources */ = {isa = PBXBuildFile; fileRef = 4D191C562A22491500826764 /* CommonCollectionHeaderView.swift */; };
		4D1B7CB22A1DF445000F1A0B /* AppStoreClone.xcdatamodeld in Sources */ = {isa = PBXBuildFile; fileRef = 4D1B7CAB2A1DF445000F1A0B /* AppStoreClone.xcdatamodeld */; };
		4D1B7CB32A1DF445000F1A0B /* Assets.xcassets in Resources */ = {isa = PBXBuildFile; fileRef = 4D1B7CAD2A1DF445000F1A0B /* Assets.xcassets */; };
		4D1B7CB42A1DF445000F1A0B /* LaunchScreen.storyboard in Resources */ = {isa = PBXBuildFile; fileRef = 4D1B7CAE2A1DF445000F1A0B /* LaunchScreen.storyboard */; };
		4D1B7CB72A1DF476000F1A0B /* ViewController.swift in Sources */ = {isa = PBXBuildFile; fileRef = 4D1B7CB62A1DF475000F1A0B /* ViewController.swift */; };
		4D1B7CB92A1E29C8000F1A0B /* NewDiscoveryTableViewCell.swift in Sources */ = {isa = PBXBuildFile; fileRef = 4D1B7CB82A1E29C8000F1A0B /* NewDiscoveryTableViewCell.swift */; };
		4D1B7CBC2A1E3147000F1A0B /* SearchHeaderView.swift in Sources */ = {isa = PBXBuildFile; fileRef = 4D1B7CBB2A1E3147000F1A0B /* SearchHeaderView.swift */; };
		4D54B1D52A2D68CB0071A86C /* SearchResultViewController.swift in Sources */ = {isa = PBXBuildFile; fileRef = 4D54B1D42A2D68CA0071A86C /* SearchResultViewController.swift */; };
		4D54B1D72A2D68FC0071A86C /* SearchResultViewModel.swift in Sources */ = {isa = PBXBuildFile; fileRef = 4D54B1D62A2D68FC0071A86C /* SearchResultViewModel.swift */; };
		4D630BD52A2DB14100C67EF3 /* SearchResultSection.swift in Sources */ = {isa = PBXBuildFile; fileRef = 4D630BD42A2DB14100C67EF3 /* SearchResultSection.swift */; };
		4D630BD92A2DB1A300C67EF3 /* SearchAppItem.swift in Sources */ = {isa = PBXBuildFile; fileRef = 4D630BD82A2DB1A300C67EF3 /* SearchAppItem.swift */; };
		4D630BDB2A2DB89500C67EF3 /* SearchAppTableViewCell.swift in Sources */ = {isa = PBXBuildFile; fileRef = 4D630BDA2A2DB89500C67EF3 /* SearchAppTableViewCell.swift */; };
		4D630BDD2A2F0CD600C67EF3 /* SearchAppTableViewCellViewModel.swift in Sources */ = {isa = PBXBuildFile; fileRef = 4D630BDC2A2F0CD600C67EF3 /* SearchAppTableViewCellViewModel.swift */; };
		4D630BDF2A2F1A9100C67EF3 /* SearchTermTableViewCellViewModel.swift in Sources */ = {isa = PBXBuildFile; fileRef = 4D630BDE2A2F1A9100C67EF3 /* SearchTermTableViewCellViewModel.swift */; };
		4D7775852A2CB0AB00EEB230 /* UIViewController + Extension.swift in Sources */ = {isa = PBXBuildFile; fileRef = 4D7775842A2CB0AB00EEB230 /* UIViewController + Extension.swift */; };
		4D7775872A2CB91300EEB230 /* SearchTermItem.swift in Sources */ = {isa = PBXBuildFile; fileRef = 4D7775862A2CB91300EEB230 /* SearchTermItem.swift */; };
		4D7775892A2CBAA600EEB230 /* SearchTermTableViewCell.swift in Sources */ = {isa = PBXBuildFile; fileRef = 4D7775882A2CBAA600EEB230 /* SearchTermTableViewCell.swift */; };
		4D897C052A1CF8C600442D39 /* SearchViewController.swift in Sources */ = {isa = PBXBuildFile; fileRef = 4D897C042A1CF8C600442D39 /* SearchViewController.swift */; };
		4D897C072A1CF8FC00442D39 /* SearchViewModel.swift in Sources */ = {isa = PBXBuildFile; fileRef = 4D897C062A1CF8FC00442D39 /* SearchViewModel.swift */; };
		4D897C092A1CF96B00442D39 /* GridCollectionViewFlowLayout.swift in Sources */ = {isa = PBXBuildFile; fileRef = 4D897C082A1CF96B00442D39 /* GridCollectionViewFlowLayout.swift */; };
		4DB2F7742A242A0100327EE3 /* PrivacyCollectionHeaderView.swift in Sources */ = {isa = PBXBuildFile; fileRef = 4DB2F7732A242A0100327EE3 /* PrivacyCollectionHeaderView.swift */; };
		4DE52B9C2A23A05D00607DC8 /* CollectionViewCustomLayout.swift in Sources */ = {isa = PBXBuildFile; fileRef = 4DE52B9B2A23A05D00607DC8 /* CollectionViewCustomLayout.swift */; };
		4DF70DCE2A1C52340082823A /* AppDelegate.swift in Sources */ = {isa = PBXBuildFile; fileRef = 4DF70DCD2A1C52340082823A /* AppDelegate.swift */; };
		4DF70DD02A1C52340082823A /* SceneDelegate.swift in Sources */ = {isa = PBXBuildFile; fileRef = 4DF70DCF2A1C52340082823A /* SceneDelegate.swift */; };
		4DF70DE82A1C52380082823A /* AppStoreCloneTests.swift in Sources */ = {isa = PBXBuildFile; fileRef = 4DF70DE72A1C52380082823A /* AppStoreCloneTests.swift */; };
		4DF70DF22A1C52380082823A /* AppStoreCloneUITests.swift in Sources */ = {isa = PBXBuildFile; fileRef = 4DF70DF12A1C52380082823A /* AppStoreCloneUITests.swift */; };
		4DF70DF42A1C52380082823A /* AppStoreCloneUITestsLaunchTests.swift in Sources */ = {isa = PBXBuildFile; fileRef = 4DF70DF32A1C52380082823A /* AppStoreCloneUITestsLaunchTests.swift */; };
		4DF70E2F2A1C8DE60082823A /* DIContainer.swift in Sources */ = {isa = PBXBuildFile; fileRef = 4DF70E142A1C8DE50082823A /* DIContainer.swift */; };
		4DF70E322A1C8DE60082823A /* ImageLoader.swift in Sources */ = {isa = PBXBuildFile; fileRef = 4DF70E1B2A1C8DE50082823A /* ImageLoader.swift */; };
		4DF70E332A1C8DE60082823A /* APIRequestService.swift in Sources */ = {isa = PBXBuildFile; fileRef = 4DF70E1C2A1C8DE50082823A /* APIRequestService.swift */; };
		4DF70E352A1C8DE60082823A /* HeaderCommon.swift in Sources */ = {isa = PBXBuildFile; fileRef = 4DF70E1E2A1C8DE50082823A /* HeaderCommon.swift */; };
		4DF70E362A1C8DE60082823A /* URLService.swift in Sources */ = {isa = PBXBuildFile; fileRef = 4DF70E1F2A1C8DE50082823A /* URLService.swift */; };
		4DF70E382A1C8DE60082823A /* ItunesService.swift in Sources */ = {isa = PBXBuildFile; fileRef = 4DF70E232A1C8DE50082823A /* ItunesService.swift */; };
		4DF70E392A1C8DE60082823A /* ImageCache.swift in Sources */ = {isa = PBXBuildFile; fileRef = 4DF70E262A1C8DE60082823A /* ImageCache.swift */; };
		4DF70E3A2A1C8DE60082823A /* ReadPList.swift in Sources */ = {isa = PBXBuildFile; fileRef = 4DF70E272A1C8DE60082823A /* ReadPList.swift */; };
		4DF70E3B2A1C8DE60082823A /* GlobalAlert.swift in Sources */ = {isa = PBXBuildFile; fileRef = 4DF70E282A1C8DE60082823A /* GlobalAlert.swift */; };
		4DF70E3C2A1C8DE60082823A /* ReadJson.swift in Sources */ = {isa = PBXBuildFile; fileRef = 4DF70E292A1C8DE60082823A /* ReadJson.swift */; };
		4DF70E3D2A1C8DE60082823A /* Inject.swift in Sources */ = {isa = PBXBuildFile; fileRef = 4DF70E2B2A1C8DE60082823A /* Inject.swift */; };
		4DF70E3E2A1C8DE60082823A /* UIApplication + Extension.swift in Sources */ = {isa = PBXBuildFile; fileRef = 4DF70E2D2A1C8DE60082823A /* UIApplication + Extension.swift */; };
		4DF70E432A1C937C0082823A /* Result.swift in Sources */ = {isa = PBXBuildFile; fileRef = 4DF70E412A1C937C0082823A /* Result.swift */; };
		4DF70E442A1C937C0082823A /* ItunesResponse.swift in Sources */ = {isa = PBXBuildFile; fileRef = 4DF70E422A1C937C0082823A /* ItunesResponse.swift */; };
		4DF70E482A1C97940082823A /* BaseInterceptor.swift in Sources */ = {isa = PBXBuildFile; fileRef = 4DF70E472A1C97940082823A /* BaseInterceptor.swift */; };
		4DF70E4A2A1C9D1F0082823A /* APIRequestError.swift in Sources */ = {isa = PBXBuildFile; fileRef = 4DF70E492A1C9D1F0082823A /* APIRequestError.swift */; };
		4DF70E5B2A1CAEE10082823A /* RxCocoa in Frameworks */ = {isa = PBXBuildFile; productRef = 4DF70E5A2A1CAEE10082823A /* RxCocoa */; };
		4DF70E5D2A1CAEE10082823A /* RxRelay in Frameworks */ = {isa = PBXBuildFile; productRef = 4DF70E5C2A1CAEE10082823A /* RxRelay */; };
		4DF70E5F2A1CAEE10082823A /* RxSwift in Frameworks */ = {isa = PBXBuildFile; productRef = 4DF70E5E2A1CAEE10082823A /* RxSwift */; };
		4DF70E642A1CB2FD0082823A /* TabBarViewController.swift in Sources */ = {isa = PBXBuildFile; fileRef = 4DF70E632A1CB2FD0082823A /* TabBarViewController.swift */; };
		4DF70E682A1CBA730082823A /* TodayViewController.swift in Sources */ = {isa = PBXBuildFile; fileRef = 4DF70E672A1CBA730082823A /* TodayViewController.swift */; };
		4DF70E702A1CBACA0082823A /* TodayViewModel.swift in Sources */ = {isa = PBXBuildFile; fileRef = 4DF70E6F2A1CBACA0082823A /* TodayViewModel.swift */; };
		4DFBB8AB2A1F9C9C005E312C /* UIColor + Extension.swift in Sources */ = {isa = PBXBuildFile; fileRef = 4DFBB8AA2A1F9C9C005E312C /* UIColor + Extension.swift */; };
		4DFBB8AF2A1FA9D1005E312C /* AppDownloadTableViewCell.swift in Sources */ = {isa = PBXBuildFile; fileRef = 4DFBB8AE2A1FA9D1005E312C /* AppDownloadTableViewCell.swift */; };
/* End PBXBuildFile section */

/* Begin PBXContainerItemProxy section */
		4DF70DE42A1C52380082823A /* PBXContainerItemProxy */ = {
			isa = PBXContainerItemProxy;
			containerPortal = 4DF70DC22A1C52330082823A /* Project object */;
			proxyType = 1;
			remoteGlobalIDString = 4DF70DC92A1C52330082823A;
			remoteInfo = AppStoreClone;
		};
		4DF70DEE2A1C52380082823A /* PBXContainerItemProxy */ = {
			isa = PBXContainerItemProxy;
			containerPortal = 4DF70DC22A1C52330082823A /* Project object */;
			proxyType = 1;
			remoteGlobalIDString = 4DF70DC92A1C52330082823A;
			remoteInfo = AppStoreClone;
		};
/* End PBXContainerItemProxy section */

/* Begin PBXCopyFilesBuildPhase section */
		4DF70E582A1CAD100082823A /* Embed Frameworks */ = {
			isa = PBXCopyFilesBuildPhase;
			buildActionMask = 2147483647;
			dstPath = "";
			dstSubfolderSpec = 10;
			files = (
			);
			name = "Embed Frameworks";
			runOnlyForDeploymentPostprocessing = 0;
		};
/* End PBXCopyFilesBuildPhase section */

/* Begin PBXFileReference section */
		4D00231C2A2595100083FB2A /* SearchSection.swift */ = {isa = PBXFileReference; lastKnownFileType = sourcecode.swift; path = SearchSection.swift; sourceTree = "<group>"; };
		4D00231E2A25954E0083FB2A /* NewItem.swift */ = {isa = PBXFileReference; lastKnownFileType = sourcecode.swift; path = NewItem.swift; sourceTree = "<group>"; };
		4D0023202A2595630083FB2A /* RecommendItem.swift */ = {isa = PBXFileReference; lastKnownFileType = sourcecode.swift; path = RecommendItem.swift; sourceTree = "<group>"; };
		4D1706A82A23073200F1B970 /* UICollectionView + Extension.swift */ = {isa = PBXFileReference; lastKnownFileType = sourcecode.swift; path = "UICollectionView + Extension.swift"; sourceTree = "<group>"; };
		4D1706AA2A23091000F1B970 /* UITableView + Extension.swift */ = {isa = PBXFileReference; lastKnownFileType = sourcecode.swift; path = "UITableView + Extension.swift"; sourceTree = "<group>"; };
		4D191C072A21BD7700826764 /* DetailViewController.swift */ = {isa = PBXFileReference; lastKnownFileType = sourcecode.swift; path = DetailViewController.swift; sourceTree = "<group>"; };
		4D191C092A21BD7F00826764 /* DetailViewModel.swift */ = {isa = PBXFileReference; lastKnownFileType = sourcecode.swift; path = DetailViewModel.swift; sourceTree = "<group>"; };
		4D191C0D2A21BEE200826764 /* AppTitleCollectionViewCell.swift */ = {isa = PBXFileReference; lastKnownFileType = sourcecode.swift; path = AppTitleCollectionViewCell.swift; sourceTree = "<group>"; };
		4D191C0F2A21BEF400826764 /* AppInfoCollectionViewCell.swift */ = {isa = PBXFileReference; lastKnownFileType = sourcecode.swift; path = AppInfoCollectionViewCell.swift; sourceTree = "<group>"; };
		4D191C112A21BF0800826764 /* AppPreviewCollectionViewCell.swift */ = {isa = PBXFileReference; lastKnownFileType = sourcecode.swift; path = AppPreviewCollectionViewCell.swift; sourceTree = "<group>"; };
		4D191C132A21BF4100826764 /* AppExplanationCollectionViewCell.swift */ = {isa = PBXFileReference; lastKnownFileType = sourcecode.swift; path = AppExplanationCollectionViewCell.swift; sourceTree = "<group>"; };
		4D191C152A21BF5000826764 /* AppEventCollectionViewCell.swift */ = {isa = PBXFileReference; lastKnownFileType = sourcecode.swift; path = AppEventCollectionViewCell.swift; sourceTree = "<group>"; };
		4D191C172A21BFF800826764 /* AppReviewCollectionViewCell.swift */ = {isa = PBXFileReference; lastKnownFileType = sourcecode.swift; path = AppReviewCollectionViewCell.swift; sourceTree = "<group>"; };
		4D191C192A21C01100826764 /* AppFeatureCollectionViewCell.swift */ = {isa = PBXFileReference; lastKnownFileType = sourcecode.swift; path = AppFeatureCollectionViewCell.swift; sourceTree = "<group>"; };
		4D191C1B2A21C04600826764 /* AppPrivacyCollectionViewCell.swift */ = {isa = PBXFileReference; lastKnownFileType = sourcecode.swift; path = AppPrivacyCollectionViewCell.swift; sourceTree = "<group>"; };
		4D191C1D2A21C06C00826764 /* AppSupportCollectionViewCell.swift */ = {isa = PBXFileReference; lastKnownFileType = sourcecode.swift; path = AppSupportCollectionViewCell.swift; sourceTree = "<group>"; };
		4D191C1F2A21C09200826764 /* AppRelationCollectionViewCell.swift */ = {isa = PBXFileReference; lastKnownFileType = sourcecode.swift; path = AppRelationCollectionViewCell.swift; sourceTree = "<group>"; };
		4D191C212A21C0AE00826764 /* AppLikableCollectionViewCell.swift */ = {isa = PBXFileReference; lastKnownFileType = sourcecode.swift; path = AppLikableCollectionViewCell.swift; sourceTree = "<group>"; };
		4D191C232A21C0E400826764 /* AppBriefInfoCollectionViewCell.swift */ = {isa = PBXFileReference; lastKnownFileType = sourcecode.swift; path = AppBriefInfoCollectionViewCell.swift; sourceTree = "<group>"; };
		4D191C262A21C1F000826764 /* StretchableUICollectionViewFlowLayout.swift */ = {isa = PBXFileReference; lastKnownFileType = sourcecode.swift; path = StretchableUICollectionViewFlowLayout.swift; sourceTree = "<group>"; };
		4D191C282A21C40300826764 /* ImageHeaderView.swift */ = {isa = PBXFileReference; lastKnownFileType = sourcecode.swift; path = ImageHeaderView.swift; sourceTree = "<group>"; };
		4D191C2D2A21DE7F00826764 /* DetailSection.swift */ = {isa = PBXFileReference; lastKnownFileType = sourcecode.swift; path = DetailSection.swift; sourceTree = "<group>"; };
		4D191C2F2A21EF2600826764 /* TitleItem.swift */ = {isa = PBXFileReference; lastKnownFileType = sourcecode.swift; path = TitleItem.swift; sourceTree = "<group>"; };
		4D191C312A21EF3B00826764 /* BriefInfoItem.swift */ = {isa = PBXFileReference; lastKnownFileType = sourcecode.swift; path = BriefInfoItem.swift; sourceTree = "<group>"; };
		4D191C332A220C0000826764 /* PreviewItem.swift */ = {isa = PBXFileReference; lastKnownFileType = sourcecode.swift; path = PreviewItem.swift; sourceTree = "<group>"; };
		4D191C352A22182000826764 /* ExplanationItem.swift */ = {isa = PBXFileReference; lastKnownFileType = sourcecode.swift; path = ExplanationItem.swift; sourceTree = "<group>"; };
		4D191C372A2218F400826764 /* DeveloperItem.swift */ = {isa = PBXFileReference; lastKnownFileType = sourcecode.swift; path = DeveloperItem.swift; sourceTree = "<group>"; };
		4D191C392A22194B00826764 /* AppDeveloperCollectionViewCell.swift */ = {isa = PBXFileReference; lastKnownFileType = sourcecode.swift; path = AppDeveloperCollectionViewCell.swift; sourceTree = "<group>"; };
		4D191C3B2A22345100826764 /* AppEvaluationCollectionViewCell.swift */ = {isa = PBXFileReference; lastKnownFileType = sourcecode.swift; path = AppEvaluationCollectionViewCell.swift; sourceTree = "<group>"; };
		4D191C3D2A22351600826764 /* EventItem.swift */ = {isa = PBXFileReference; lastKnownFileType = sourcecode.swift; path = EventItem.swift; sourceTree = "<group>"; };
		4D191C3F2A22351F00826764 /* EvaluationItem.swift */ = {isa = PBXFileReference; lastKnownFileType = sourcecode.swift; path = EvaluationItem.swift; sourceTree = "<group>"; };
		4D191C412A22352600826764 /* ReviewItem.swift */ = {isa = PBXFileReference; lastKnownFileType = sourcecode.swift; path = ReviewItem.swift; sourceTree = "<group>"; };
		4D191C432A22352D00826764 /* FeatureItem.swift */ = {isa = PBXFileReference; lastKnownFileType = sourcecode.swift; path = FeatureItem.swift; sourceTree = "<group>"; };
		4D191C452A22353A00826764 /* PrivacyItem.swift */ = {isa = PBXFileReference; lastKnownFileType = sourcecode.swift; path = PrivacyItem.swift; sourceTree = "<group>"; };
		4D191C472A22354500826764 /* InfoItem.swift */ = {isa = PBXFileReference; lastKnownFileType = sourcecode.swift; path = InfoItem.swift; sourceTree = "<group>"; };
		4D191C492A22355A00826764 /* SupportItem.swift */ = {isa = PBXFileReference; lastKnownFileType = sourcecode.swift; path = SupportItem.swift; sourceTree = "<group>"; };
		4D191C4B2A22356C00826764 /* RelationItem.swift */ = {isa = PBXFileReference; lastKnownFileType = sourcecode.swift; path = RelationItem.swift; sourceTree = "<group>"; };
		4D191C4D2A22357C00826764 /* LikableItem.swift */ = {isa = PBXFileReference; lastKnownFileType = sourcecode.swift; path = LikableItem.swift; sourceTree = "<group>"; };
		4D191C562A22491500826764 /* CommonCollectionHeaderView.swift */ = {isa = PBXFileReference; lastKnownFileType = sourcecode.swift; path = CommonCollectionHeaderView.swift; sourceTree = "<group>"; };
		4D1B7CAC2A1DF445000F1A0B /* AppStoreClone.xcdatamodel */ = {isa = PBXFileReference; lastKnownFileType = wrapper.xcdatamodel; path = AppStoreClone.xcdatamodel; sourceTree = "<group>"; };
		4D1B7CAD2A1DF445000F1A0B /* Assets.xcassets */ = {isa = PBXFileReference; lastKnownFileType = folder.assetcatalog; path = Assets.xcassets; sourceTree = "<group>"; };
		4D1B7CAF2A1DF445000F1A0B /* Base */ = {isa = PBXFileReference; lastKnownFileType = file.storyboard; name = Base; path = Base.lproj/LaunchScreen.storyboard; sourceTree = "<group>"; };
		4D1B7CB62A1DF475000F1A0B /* ViewController.swift */ = {isa = PBXFileReference; fileEncoding = 4; lastKnownFileType = sourcecode.swift; path = ViewController.swift; sourceTree = "<group>"; };
		4D1B7CB82A1E29C8000F1A0B /* NewDiscoveryTableViewCell.swift */ = {isa = PBXFileReference; lastKnownFileType = sourcecode.swift; path = NewDiscoveryTableViewCell.swift; sourceTree = "<group>"; };
		4D1B7CBB2A1E3147000F1A0B /* SearchHeaderView.swift */ = {isa = PBXFileReference; lastKnownFileType = sourcecode.swift; path = SearchHeaderView.swift; sourceTree = "<group>"; };
		4D54B1D42A2D68CA0071A86C /* SearchResultViewController.swift */ = {isa = PBXFileReference; lastKnownFileType = sourcecode.swift; path = SearchResultViewController.swift; sourceTree = "<group>"; };
		4D54B1D62A2D68FC0071A86C /* SearchResultViewModel.swift */ = {isa = PBXFileReference; lastKnownFileType = sourcecode.swift; path = SearchResultViewModel.swift; sourceTree = "<group>"; };
		4D630BD42A2DB14100C67EF3 /* SearchResultSection.swift */ = {isa = PBXFileReference; lastKnownFileType = sourcecode.swift; path = SearchResultSection.swift; sourceTree = "<group>"; };
		4D630BD82A2DB1A300C67EF3 /* SearchAppItem.swift */ = {isa = PBXFileReference; lastKnownFileType = sourcecode.swift; path = SearchAppItem.swift; sourceTree = "<group>"; };
		4D630BDA2A2DB89500C67EF3 /* SearchAppTableViewCell.swift */ = {isa = PBXFileReference; lastKnownFileType = sourcecode.swift; path = SearchAppTableViewCell.swift; sourceTree = "<group>"; };
		4D630BDC2A2F0CD600C67EF3 /* SearchAppTableViewCellViewModel.swift */ = {isa = PBXFileReference; lastKnownFileType = sourcecode.swift; path = SearchAppTableViewCellViewModel.swift; sourceTree = "<group>"; };
		4D630BDE2A2F1A9100C67EF3 /* SearchTermTableViewCellViewModel.swift */ = {isa = PBXFileReference; lastKnownFileType = sourcecode.swift; path = SearchTermTableViewCellViewModel.swift; sourceTree = "<group>"; };
		4D7775842A2CB0AB00EEB230 /* UIViewController + Extension.swift */ = {isa = PBXFileReference; lastKnownFileType = sourcecode.swift; path = "UIViewController + Extension.swift"; sourceTree = "<group>"; };
		4D7775862A2CB91300EEB230 /* SearchTermItem.swift */ = {isa = PBXFileReference; lastKnownFileType = sourcecode.swift; path = SearchTermItem.swift; sourceTree = "<group>"; };
		4D7775882A2CBAA600EEB230 /* SearchTermTableViewCell.swift */ = {isa = PBXFileReference; lastKnownFileType = sourcecode.swift; path = SearchTermTableViewCell.swift; sourceTree = "<group>"; };
		4D897C042A1CF8C600442D39 /* SearchViewController.swift */ = {isa = PBXFileReference; lastKnownFileType = sourcecode.swift; path = SearchViewController.swift; sourceTree = "<group>"; };
		4D897C062A1CF8FC00442D39 /* SearchViewModel.swift */ = {isa = PBXFileReference; lastKnownFileType = sourcecode.swift; path = SearchViewModel.swift; sourceTree = "<group>"; };
		4D897C082A1CF96B00442D39 /* GridCollectionViewFlowLayout.swift */ = {isa = PBXFileReference; fileEncoding = 4; lastKnownFileType = sourcecode.swift; path = GridCollectionViewFlowLayout.swift; sourceTree = "<group>"; };
		4DB2F7732A242A0100327EE3 /* PrivacyCollectionHeaderView.swift */ = {isa = PBXFileReference; lastKnownFileType = sourcecode.swift; path = PrivacyCollectionHeaderView.swift; sourceTree = "<group>"; };
		4DE52B9B2A23A05D00607DC8 /* CollectionViewCustomLayout.swift */ = {isa = PBXFileReference; lastKnownFileType = sourcecode.swift; path = CollectionViewCustomLayout.swift; sourceTree = "<group>"; };
		4DF70DCA2A1C52340082823A /* AppStoreClone.app */ = {isa = PBXFileReference; explicitFileType = wrapper.application; includeInIndex = 0; path = AppStoreClone.app; sourceTree = BUILT_PRODUCTS_DIR; };
		4DF70DCD2A1C52340082823A /* AppDelegate.swift */ = {isa = PBXFileReference; lastKnownFileType = sourcecode.swift; path = AppDelegate.swift; sourceTree = "<group>"; };
		4DF70DCF2A1C52340082823A /* SceneDelegate.swift */ = {isa = PBXFileReference; lastKnownFileType = sourcecode.swift; path = SceneDelegate.swift; sourceTree = "<group>"; };
		4DF70DDE2A1C52370082823A /* Info.plist */ = {isa = PBXFileReference; lastKnownFileType = text.plist.xml; path = Info.plist; sourceTree = "<group>"; };
		4DF70DE32A1C52380082823A /* AppStoreCloneTests.xctest */ = {isa = PBXFileReference; explicitFileType = wrapper.cfbundle; includeInIndex = 0; path = AppStoreCloneTests.xctest; sourceTree = BUILT_PRODUCTS_DIR; };
		4DF70DE72A1C52380082823A /* AppStoreCloneTests.swift */ = {isa = PBXFileReference; lastKnownFileType = sourcecode.swift; path = AppStoreCloneTests.swift; sourceTree = "<group>"; };
		4DF70DED2A1C52380082823A /* AppStoreCloneUITests.xctest */ = {isa = PBXFileReference; explicitFileType = wrapper.cfbundle; includeInIndex = 0; path = AppStoreCloneUITests.xctest; sourceTree = BUILT_PRODUCTS_DIR; };
		4DF70DF12A1C52380082823A /* AppStoreCloneUITests.swift */ = {isa = PBXFileReference; lastKnownFileType = sourcecode.swift; path = AppStoreCloneUITests.swift; sourceTree = "<group>"; };
		4DF70DF32A1C52380082823A /* AppStoreCloneUITestsLaunchTests.swift */ = {isa = PBXFileReference; lastKnownFileType = sourcecode.swift; path = AppStoreCloneUITestsLaunchTests.swift; sourceTree = "<group>"; };
		4DF70E142A1C8DE50082823A /* DIContainer.swift */ = {isa = PBXFileReference; fileEncoding = 4; lastKnownFileType = sourcecode.swift; path = DIContainer.swift; sourceTree = "<group>"; };
		4DF70E1B2A1C8DE50082823A /* ImageLoader.swift */ = {isa = PBXFileReference; fileEncoding = 4; lastKnownFileType = sourcecode.swift; path = ImageLoader.swift; sourceTree = "<group>"; };
		4DF70E1C2A1C8DE50082823A /* APIRequestService.swift */ = {isa = PBXFileReference; fileEncoding = 4; lastKnownFileType = sourcecode.swift; path = APIRequestService.swift; sourceTree = "<group>"; };
		4DF70E1E2A1C8DE50082823A /* HeaderCommon.swift */ = {isa = PBXFileReference; fileEncoding = 4; lastKnownFileType = sourcecode.swift; path = HeaderCommon.swift; sourceTree = "<group>"; };
		4DF70E1F2A1C8DE50082823A /* URLService.swift */ = {isa = PBXFileReference; fileEncoding = 4; lastKnownFileType = sourcecode.swift; path = URLService.swift; sourceTree = "<group>"; };
		4DF70E232A1C8DE50082823A /* ItunesService.swift */ = {isa = PBXFileReference; fileEncoding = 4; lastKnownFileType = sourcecode.swift; path = ItunesService.swift; sourceTree = "<group>"; };
		4DF70E262A1C8DE60082823A /* ImageCache.swift */ = {isa = PBXFileReference; fileEncoding = 4; lastKnownFileType = sourcecode.swift; path = ImageCache.swift; sourceTree = "<group>"; };
		4DF70E272A1C8DE60082823A /* ReadPList.swift */ = {isa = PBXFileReference; fileEncoding = 4; lastKnownFileType = sourcecode.swift; path = ReadPList.swift; sourceTree = "<group>"; };
		4DF70E282A1C8DE60082823A /* GlobalAlert.swift */ = {isa = PBXFileReference; fileEncoding = 4; lastKnownFileType = sourcecode.swift; path = GlobalAlert.swift; sourceTree = "<group>"; };
		4DF70E292A1C8DE60082823A /* ReadJson.swift */ = {isa = PBXFileReference; fileEncoding = 4; lastKnownFileType = sourcecode.swift; path = ReadJson.swift; sourceTree = "<group>"; };
		4DF70E2B2A1C8DE60082823A /* Inject.swift */ = {isa = PBXFileReference; fileEncoding = 4; lastKnownFileType = sourcecode.swift; path = Inject.swift; sourceTree = "<group>"; };
		4DF70E2D2A1C8DE60082823A /* UIApplication + Extension.swift */ = {isa = PBXFileReference; fileEncoding = 4; lastKnownFileType = sourcecode.swift; path = "UIApplication + Extension.swift"; sourceTree = "<group>"; };
		4DF70E412A1C937C0082823A /* Result.swift */ = {isa = PBXFileReference; fileEncoding = 4; lastKnownFileType = sourcecode.swift; path = Result.swift; sourceTree = "<group>"; };
		4DF70E422A1C937C0082823A /* ItunesResponse.swift */ = {isa = PBXFileReference; fileEncoding = 4; lastKnownFileType = sourcecode.swift; path = ItunesResponse.swift; sourceTree = "<group>"; };
		4DF70E472A1C97940082823A /* BaseInterceptor.swift */ = {isa = PBXFileReference; lastKnownFileType = sourcecode.swift; path = BaseInterceptor.swift; sourceTree = "<group>"; };
		4DF70E492A1C9D1F0082823A /* APIRequestError.swift */ = {isa = PBXFileReference; lastKnownFileType = sourcecode.swift; path = APIRequestError.swift; sourceTree = "<group>"; };
		4DF70E632A1CB2FD0082823A /* TabBarViewController.swift */ = {isa = PBXFileReference; lastKnownFileType = sourcecode.swift; path = TabBarViewController.swift; sourceTree = "<group>"; };
		4DF70E672A1CBA730082823A /* TodayViewController.swift */ = {isa = PBXFileReference; lastKnownFileType = sourcecode.swift; path = TodayViewController.swift; sourceTree = "<group>"; };
		4DF70E6F2A1CBACA0082823A /* TodayViewModel.swift */ = {isa = PBXFileReference; lastKnownFileType = sourcecode.swift; path = TodayViewModel.swift; sourceTree = "<group>"; };
		4DFBB8AA2A1F9C9C005E312C /* UIColor + Extension.swift */ = {isa = PBXFileReference; lastKnownFileType = sourcecode.swift; path = "UIColor + Extension.swift"; sourceTree = "<group>"; };
		4DFBB8AE2A1FA9D1005E312C /* AppDownloadTableViewCell.swift */ = {isa = PBXFileReference; lastKnownFileType = sourcecode.swift; path = AppDownloadTableViewCell.swift; sourceTree = "<group>"; };
/* End PBXFileReference section */

/* Begin PBXFrameworksBuildPhase section */
		4DF70DC72A1C52330082823A /* Frameworks */ = {
			isa = PBXFrameworksBuildPhase;
			buildActionMask = 2147483647;
			files = (
				4DF70E5F2A1CAEE10082823A /* RxSwift in Frameworks */,
				4DF70E5D2A1CAEE10082823A /* RxRelay in Frameworks */,
				4DF70E5B2A1CAEE10082823A /* RxCocoa in Frameworks */,
			);
			runOnlyForDeploymentPostprocessing = 0;
		};
		4DF70DE02A1C52380082823A /* Frameworks */ = {
			isa = PBXFrameworksBuildPhase;
			buildActionMask = 2147483647;
			files = (
			);
			runOnlyForDeploymentPostprocessing = 0;
		};
		4DF70DEA2A1C52380082823A /* Frameworks */ = {
			isa = PBXFrameworksBuildPhase;
			buildActionMask = 2147483647;
			files = (
			);
			runOnlyForDeploymentPostprocessing = 0;
		};
/* End PBXFrameworksBuildPhase section */

/* Begin PBXGroup section */
		4D191C062A21BD6700826764 /* Detail */ = {
			isa = PBXGroup;
			children = (
				4D191C072A21BD7700826764 /* DetailViewController.swift */,
				4D191C092A21BD7F00826764 /* DetailViewModel.swift */,
			);
			path = Detail;
			sourceTree = "<group>";
		};
		4D191C0B2A21BE3A00826764 /* TableView */ = {
			isa = PBXGroup;
			children = (
				4D1B7CB82A1E29C8000F1A0B /* NewDiscoveryTableViewCell.swift */,
				4DFBB8AE2A1FA9D1005E312C /* AppDownloadTableViewCell.swift */,
				4D7775882A2CBAA600EEB230 /* SearchTermTableViewCell.swift */,
				4D630BDE2A2F1A9100C67EF3 /* SearchTermTableViewCellViewModel.swift */,
				4D630BDA2A2DB89500C67EF3 /* SearchAppTableViewCell.swift */,
				4D630BDC2A2F0CD600C67EF3 /* SearchAppTableViewCellViewModel.swift */,
			);
			path = TableView;
			sourceTree = "<group>";
		};
		4D191C0C2A21BE4300826764 /* CollectionView */ = {
			isa = PBXGroup;
			children = (
				4D191C0D2A21BEE200826764 /* AppTitleCollectionViewCell.swift */,
				4D191C232A21C0E400826764 /* AppBriefInfoCollectionViewCell.swift */,
				4D191C112A21BF0800826764 /* AppPreviewCollectionViewCell.swift */,
				4D191C132A21BF4100826764 /* AppExplanationCollectionViewCell.swift */,
				4D191C392A22194B00826764 /* AppDeveloperCollectionViewCell.swift */,
				4D191C152A21BF5000826764 /* AppEventCollectionViewCell.swift */,
				4D191C3B2A22345100826764 /* AppEvaluationCollectionViewCell.swift */,
				4D191C172A21BFF800826764 /* AppReviewCollectionViewCell.swift */,
				4D191C192A21C01100826764 /* AppFeatureCollectionViewCell.swift */,
				4D191C1B2A21C04600826764 /* AppPrivacyCollectionViewCell.swift */,
				4D191C0F2A21BEF400826764 /* AppInfoCollectionViewCell.swift */,
				4D191C1D2A21C06C00826764 /* AppSupportCollectionViewCell.swift */,
				4D191C1F2A21C09200826764 /* AppRelationCollectionViewCell.swift */,
				4D191C212A21C0AE00826764 /* AppLikableCollectionViewCell.swift */,
			);
			path = CollectionView;
			sourceTree = "<group>";
		};
		4D191C252A21C1D100826764 /* Layout */ = {
			isa = PBXGroup;
			children = (
				4D897C082A1CF96B00442D39 /* GridCollectionViewFlowLayout.swift */,
				4D191C262A21C1F000826764 /* StretchableUICollectionViewFlowLayout.swift */,
			);
			path = Layout;
			sourceTree = "<group>";
		};
		4D191C2C2A21DE2200826764 /* Search */ = {
			isa = PBXGroup;
			children = (
				4D630BD62A2DB15D00C67EF3 /* SearchSection */,
				4D630BD72A2DB16600C67EF3 /* SearchResultSection */,
			);
			path = Search;
			sourceTree = "<group>";
		};
		4D191C4F2A22362B00826764 /* Detail */ = {
			isa = PBXGroup;
			children = (
				4D191C2D2A21DE7F00826764 /* DetailSection.swift */,
				4D191C2F2A21EF2600826764 /* TitleItem.swift */,
				4D191C312A21EF3B00826764 /* BriefInfoItem.swift */,
				4D191C332A220C0000826764 /* PreviewItem.swift */,
				4D191C352A22182000826764 /* ExplanationItem.swift */,
				4D191C372A2218F400826764 /* DeveloperItem.swift */,
				4D191C3D2A22351600826764 /* EventItem.swift */,
				4D191C3F2A22351F00826764 /* EvaluationItem.swift */,
				4D191C412A22352600826764 /* ReviewItem.swift */,
				4D191C432A22352D00826764 /* FeatureItem.swift */,
				4D191C452A22353A00826764 /* PrivacyItem.swift */,
				4D191C472A22354500826764 /* InfoItem.swift */,
				4D191C492A22355A00826764 /* SupportItem.swift */,
				4D191C4B2A22356C00826764 /* RelationItem.swift */,
				4D191C4D2A22357C00826764 /* LikableItem.swift */,
			);
			path = Detail;
			sourceTree = "<group>";
		};
		4D1B7CAA2A1DF445000F1A0B /* Resource */ = {
			isa = PBXGroup;
			children = (
				4D1B7CAB2A1DF445000F1A0B /* AppStoreClone.xcdatamodeld */,
				4D1B7CAD2A1DF445000F1A0B /* Assets.xcassets */,
				4D1B7CAE2A1DF445000F1A0B /* LaunchScreen.storyboard */,
			);
			path = Resource;
			sourceTree = "<group>";
		};
		4D1B7CBA2A1E313D000F1A0B /* View */ = {
			isa = PBXGroup;
			children = (
				4D1B7CBB2A1E3147000F1A0B /* SearchHeaderView.swift */,
				4D191C282A21C40300826764 /* ImageHeaderView.swift */,
				4D191C562A22491500826764 /* CommonCollectionHeaderView.swift */,
				4DB2F7732A242A0100327EE3 /* PrivacyCollectionHeaderView.swift */,
			);
			path = View;
			sourceTree = "<group>";
		};
		4D630BD62A2DB15D00C67EF3 /* SearchSection */ = {
			isa = PBXGroup;
			children = (
				4D00231C2A2595100083FB2A /* SearchSection.swift */,
				4D00231E2A25954E0083FB2A /* NewItem.swift */,
				4D0023202A2595630083FB2A /* RecommendItem.swift */,
			);
			path = SearchSection;
			sourceTree = "<group>";
		};
		4D630BD72A2DB16600C67EF3 /* SearchResultSection */ = {
			isa = PBXGroup;
			children = (
				4D630BD42A2DB14100C67EF3 /* SearchResultSection.swift */,
				4D7775862A2CB91300EEB230 /* SearchTermItem.swift */,
				4D630BD82A2DB1A300C67EF3 /* SearchAppItem.swift */,
			);
			path = SearchResultSection;
			sourceTree = "<group>";
		};
		4DF70DC12A1C52330082823A = {
			isa = PBXGroup;
			children = (
				4DF70DCC2A1C52340082823A /* AppStoreClone */,
				4DF70DE62A1C52380082823A /* AppStoreCloneTests */,
				4DF70DF02A1C52380082823A /* AppStoreCloneUITests */,
				4DF70DCB2A1C52340082823A /* Products */,
				4DF70E4B2A1CAD0D0082823A /* Frameworks */,
			);
			sourceTree = "<group>";
		};
		4DF70DCB2A1C52340082823A /* Products */ = {
			isa = PBXGroup;
			children = (
				4DF70DCA2A1C52340082823A /* AppStoreClone.app */,
				4DF70DE32A1C52380082823A /* AppStoreCloneTests.xctest */,
				4DF70DED2A1C52380082823A /* AppStoreCloneUITests.xctest */,
			);
			name = Products;
			sourceTree = "<group>";
		};
		4DF70DCC2A1C52340082823A /* AppStoreClone */ = {
			isa = PBXGroup;
			children = (
				4DF70E132A1C8DE50082823A /* DI */,
				4DF70E242A1C8DE60082823A /* Error */,
				4DF70E2C2A1C8DE60082823A /* Extension */,
				4DF70E152A1C8DE50082823A /* Model */,
				4DF70E2A2A1C8DE60082823A /* PropertyWrapper */,
				4DF70E192A1C8DE50082823A /* Service */,
				4DF70E252A1C8DE60082823A /* Util */,
				4DF70E112A1C8D860082823A /* Module */,
				4D1B7CAA2A1DF445000F1A0B /* Resource */,
				4D1B7CB62A1DF475000F1A0B /* ViewController.swift */,
				4DF70DCD2A1C52340082823A /* AppDelegate.swift */,
				4DF70DCF2A1C52340082823A /* SceneDelegate.swift */,
				4DF70DDE2A1C52370082823A /* Info.plist */,
			);
			path = AppStoreClone;
			sourceTree = "<group>";
		};
		4DF70DE62A1C52380082823A /* AppStoreCloneTests */ = {
			isa = PBXGroup;
			children = (
				4DF70DE72A1C52380082823A /* AppStoreCloneTests.swift */,
			);
			path = AppStoreCloneTests;
			sourceTree = "<group>";
		};
		4DF70DF02A1C52380082823A /* AppStoreCloneUITests */ = {
			isa = PBXGroup;
			children = (
				4DF70DF12A1C52380082823A /* AppStoreCloneUITests.swift */,
				4DF70DF32A1C52380082823A /* AppStoreCloneUITestsLaunchTests.swift */,
			);
			path = AppStoreCloneUITests;
			sourceTree = "<group>";
		};
		4DF70E112A1C8D860082823A /* Module */ = {
			isa = PBXGroup;
			children = (
				4DF70E622A1CB1550082823A /* Common */,
				4DF70E692A1CBA750082823A /* Today */,
				4DF70E6A2A1CBA7C0082823A /* Game */,
				4DF70E6B2A1CBAA30082823A /* App */,
				4DF70E6C2A1CBAA70082823A /* Arcade */,
				4DF70E6D2A1CBAAC0082823A /* Search */,
				4D191C062A21BD6700826764 /* Detail */,
			);
			path = Module;
			sourceTree = "<group>";
		};
		4DF70E132A1C8DE50082823A /* DI */ = {
			isa = PBXGroup;
			children = (
				4DF70E142A1C8DE50082823A /* DIContainer.swift */,
			);
			path = DI;
			sourceTree = "<group>";
		};
		4DF70E152A1C8DE50082823A /* Model */ = {
			isa = PBXGroup;
			children = (
				4D191C4F2A22362B00826764 /* Detail */,
				4D191C2C2A21DE2200826764 /* Search */,
				4DF70E402A1C937C0082823A /* Itunes */,
			);
			path = Model;
			sourceTree = "<group>";
		};
		4DF70E192A1C8DE50082823A /* Service */ = {
			isa = PBXGroup;
			children = (
				4DF70E1A2A1C8DE50082823A /* Networking */,
				4DF70E202A1C8DE50082823A /* Stub */,
				4DF70E222A1C8DE50082823A /* API */,
			);
			path = Service;
			sourceTree = "<group>";
		};
		4DF70E1A2A1C8DE50082823A /* Networking */ = {
			isa = PBXGroup;
			children = (
				4DF70E1B2A1C8DE50082823A /* ImageLoader.swift */,
				4DF70E1C2A1C8DE50082823A /* APIRequestService.swift */,
				4DF70E472A1C97940082823A /* BaseInterceptor.swift */,
				4DF70E1E2A1C8DE50082823A /* HeaderCommon.swift */,
				4DF70E1F2A1C8DE50082823A /* URLService.swift */,
			);
			path = Networking;
			sourceTree = "<group>";
		};
		4DF70E202A1C8DE50082823A /* Stub */ = {
			isa = PBXGroup;
			children = (
			);
			path = Stub;
			sourceTree = "<group>";
		};
		4DF70E222A1C8DE50082823A /* API */ = {
			isa = PBXGroup;
			children = (
				4DF70E232A1C8DE50082823A /* ItunesService.swift */,
			);
			path = API;
			sourceTree = "<group>";
		};
		4DF70E242A1C8DE60082823A /* Error */ = {
			isa = PBXGroup;
			children = (
				4DF70E492A1C9D1F0082823A /* APIRequestError.swift */,
			);
			path = Error;
			sourceTree = "<group>";
		};
		4DF70E252A1C8DE60082823A /* Util */ = {
			isa = PBXGroup;
			children = (
				4DF70E262A1C8DE60082823A /* ImageCache.swift */,
				4DF70E272A1C8DE60082823A /* ReadPList.swift */,
				4DF70E282A1C8DE60082823A /* GlobalAlert.swift */,
				4DF70E292A1C8DE60082823A /* ReadJson.swift */,
				4DE52B9B2A23A05D00607DC8 /* CollectionViewCustomLayout.swift */,
			);
			path = Util;
			sourceTree = "<group>";
		};
		4DF70E2A2A1C8DE60082823A /* PropertyWrapper */ = {
			isa = PBXGroup;
			children = (
				4DF70E2B2A1C8DE60082823A /* Inject.swift */,
			);
			path = PropertyWrapper;
			sourceTree = "<group>";
		};
		4DF70E2C2A1C8DE60082823A /* Extension */ = {
			isa = PBXGroup;
			children = (
				4DF70E2D2A1C8DE60082823A /* UIApplication + Extension.swift */,
				4DFBB8AA2A1F9C9C005E312C /* UIColor + Extension.swift */,
				4D1706A82A23073200F1B970 /* UICollectionView + Extension.swift */,
				4D1706AA2A23091000F1B970 /* UITableView + Extension.swift */,
				4D7775842A2CB0AB00EEB230 /* UIViewController + Extension.swift */,
			);
			path = Extension;
			sourceTree = "<group>";
		};
		4DF70E402A1C937C0082823A /* Itunes */ = {
			isa = PBXGroup;
			children = (
				4DF70E412A1C937C0082823A /* Result.swift */,
				4DF70E422A1C937C0082823A /* ItunesResponse.swift */,
			);
			path = Itunes;
			sourceTree = "<group>";
		};
		4DF70E4B2A1CAD0D0082823A /* Frameworks */ = {
			isa = PBXGroup;
			children = (
			);
			name = Frameworks;
			sourceTree = "<group>";
		};
		4DF70E622A1CB1550082823A /* Common */ = {
			isa = PBXGroup;
			children = (
				4D191C252A21C1D100826764 /* Layout */,
				4D1B7CBA2A1E313D000F1A0B /* View */,
				4DF70E662A1CB3110082823A /* Cell */,
				4DF70E652A1CB2FF0082823A /* TabBar */,
			);
			path = Common;
			sourceTree = "<group>";
		};
		4DF70E652A1CB2FF0082823A /* TabBar */ = {
			isa = PBXGroup;
			children = (
				4DF70E632A1CB2FD0082823A /* TabBarViewController.swift */,
			);
			path = TabBar;
			sourceTree = "<group>";
		};
		4DF70E662A1CB3110082823A /* Cell */ = {
			isa = PBXGroup;
			children = (
				4D191C0C2A21BE4300826764 /* CollectionView */,
				4D191C0B2A21BE3A00826764 /* TableView */,
			);
			path = Cell;
			sourceTree = "<group>";
		};
		4DF70E692A1CBA750082823A /* Today */ = {
			isa = PBXGroup;
			children = (
				4DF70E672A1CBA730082823A /* TodayViewController.swift */,
				4DF70E6F2A1CBACA0082823A /* TodayViewModel.swift */,
			);
			path = Today;
			sourceTree = "<group>";
		};
		4DF70E6A2A1CBA7C0082823A /* Game */ = {
			isa = PBXGroup;
			children = (
			);
			path = Game;
			sourceTree = "<group>";
		};
		4DF70E6B2A1CBAA30082823A /* App */ = {
			isa = PBXGroup;
			children = (
			);
			path = App;
			sourceTree = "<group>";
		};
		4DF70E6C2A1CBAA70082823A /* Arcade */ = {
			isa = PBXGroup;
			children = (
			);
			path = Arcade;
			sourceTree = "<group>";
		};
		4DF70E6D2A1CBAAC0082823A /* Search */ = {
			isa = PBXGroup;
			children = (
				4D897C042A1CF8C600442D39 /* SearchViewController.swift */,
				4D897C062A1CF8FC00442D39 /* SearchViewModel.swift */,
				4D54B1D42A2D68CA0071A86C /* SearchResultViewController.swift */,
				4D54B1D62A2D68FC0071A86C /* SearchResultViewModel.swift */,
			);
			path = Search;
			sourceTree = "<group>";
		};
/* End PBXGroup section */

/* Begin PBXNativeTarget section */
		4DF70DC92A1C52330082823A /* AppStoreClone */ = {
			isa = PBXNativeTarget;
			buildConfigurationList = 4DF70DF72A1C52380082823A /* Build configuration list for PBXNativeTarget "AppStoreClone" */;
			buildPhases = (
				4DF70DC62A1C52330082823A /* Sources */,
				4DF70DC72A1C52330082823A /* Frameworks */,
				4DF70DC82A1C52330082823A /* Resources */,
				4DF70E582A1CAD100082823A /* Embed Frameworks */,
			);
			buildRules = (
			);
			dependencies = (
			);
			name = AppStoreClone;
			packageProductDependencies = (
				4DF70E5A2A1CAEE10082823A /* RxCocoa */,
				4DF70E5C2A1CAEE10082823A /* RxRelay */,
				4DF70E5E2A1CAEE10082823A /* RxSwift */,
			);
			productName = AppStoreClone;
			productReference = 4DF70DCA2A1C52340082823A /* AppStoreClone.app */;
			productType = "com.apple.product-type.application";
		};
		4DF70DE22A1C52380082823A /* AppStoreCloneTests */ = {
			isa = PBXNativeTarget;
			buildConfigurationList = 4DF70DFA2A1C52380082823A /* Build configuration list for PBXNativeTarget "AppStoreCloneTests" */;
			buildPhases = (
				4DF70DDF2A1C52380082823A /* Sources */,
				4DF70DE02A1C52380082823A /* Frameworks */,
				4DF70DE12A1C52380082823A /* Resources */,
			);
			buildRules = (
			);
			dependencies = (
				4DF70DE52A1C52380082823A /* PBXTargetDependency */,
			);
			name = AppStoreCloneTests;
			productName = AppStoreCloneTests;
			productReference = 4DF70DE32A1C52380082823A /* AppStoreCloneTests.xctest */;
			productType = "com.apple.product-type.bundle.unit-test";
		};
		4DF70DEC2A1C52380082823A /* AppStoreCloneUITests */ = {
			isa = PBXNativeTarget;
			buildConfigurationList = 4DF70DFD2A1C52380082823A /* Build configuration list for PBXNativeTarget "AppStoreCloneUITests" */;
			buildPhases = (
				4DF70DE92A1C52380082823A /* Sources */,
				4DF70DEA2A1C52380082823A /* Frameworks */,
				4DF70DEB2A1C52380082823A /* Resources */,
			);
			buildRules = (
			);
			dependencies = (
				4DF70DEF2A1C52380082823A /* PBXTargetDependency */,
			);
			name = AppStoreCloneUITests;
			productName = AppStoreCloneUITests;
			productReference = 4DF70DED2A1C52380082823A /* AppStoreCloneUITests.xctest */;
			productType = "com.apple.product-type.bundle.ui-testing";
		};
/* End PBXNativeTarget section */

/* Begin PBXProject section */
		4DF70DC22A1C52330082823A /* Project object */ = {
			isa = PBXProject;
			attributes = {
				BuildIndependentTargetsInParallel = 1;
				LastSwiftUpdateCheck = 1430;
				LastUpgradeCheck = 1430;
				TargetAttributes = {
					4DF70DC92A1C52330082823A = {
						CreatedOnToolsVersion = 14.3;
					};
					4DF70DE22A1C52380082823A = {
						CreatedOnToolsVersion = 14.3;
						TestTargetID = 4DF70DC92A1C52330082823A;
					};
					4DF70DEC2A1C52380082823A = {
						CreatedOnToolsVersion = 14.3;
						TestTargetID = 4DF70DC92A1C52330082823A;
					};
				};
			};
			buildConfigurationList = 4DF70DC52A1C52330082823A /* Build configuration list for PBXProject "AppStoreClone" */;
			compatibilityVersion = "Xcode 14.0";
			developmentRegion = en;
			hasScannedForEncodings = 0;
			knownRegions = (
				en,
				Base,
			);
			mainGroup = 4DF70DC12A1C52330082823A;
			packageReferences = (
				4DF70E592A1CAEAA0082823A /* XCRemoteSwiftPackageReference "RxSwift" */,
			);
			productRefGroup = 4DF70DCB2A1C52340082823A /* Products */;
			projectDirPath = "";
			projectRoot = "";
			targets = (
				4DF70DC92A1C52330082823A /* AppStoreClone */,
				4DF70DE22A1C52380082823A /* AppStoreCloneTests */,
				4DF70DEC2A1C52380082823A /* AppStoreCloneUITests */,
			);
		};
/* End PBXProject section */

/* Begin PBXResourcesBuildPhase section */
		4DF70DC82A1C52330082823A /* Resources */ = {
			isa = PBXResourcesBuildPhase;
			buildActionMask = 2147483647;
			files = (
				4D1B7CB32A1DF445000F1A0B /* Assets.xcassets in Resources */,
				4D1B7CB42A1DF445000F1A0B /* LaunchScreen.storyboard in Resources */,
			);
			runOnlyForDeploymentPostprocessing = 0;
		};
		4DF70DE12A1C52380082823A /* Resources */ = {
			isa = PBXResourcesBuildPhase;
			buildActionMask = 2147483647;
			files = (
			);
			runOnlyForDeploymentPostprocessing = 0;
		};
		4DF70DEB2A1C52380082823A /* Resources */ = {
			isa = PBXResourcesBuildPhase;
			buildActionMask = 2147483647;
			files = (
			);
			runOnlyForDeploymentPostprocessing = 0;
		};
/* End PBXResourcesBuildPhase section */

/* Begin PBXSourcesBuildPhase section */
		4DF70DC62A1C52330082823A /* Sources */ = {
			isa = PBXSourcesBuildPhase;
			buildActionMask = 2147483647;
			files = (
				4D54B1D72A2D68FC0071A86C /* SearchResultViewModel.swift in Sources */,
				4D191C202A21C09200826764 /* AppRelationCollectionViewCell.swift in Sources */,
				4D191C572A22491500826764 /* CommonCollectionHeaderView.swift in Sources */,
				4DF70E3D2A1C8DE60082823A /* Inject.swift in Sources */,
				4DF70E702A1CBACA0082823A /* TodayViewModel.swift in Sources */,
				4DE52B9C2A23A05D00607DC8 /* CollectionViewCustomLayout.swift in Sources */,
				4DF70E432A1C937C0082823A /* Result.swift in Sources */,
				4DF70E642A1CB2FD0082823A /* TabBarViewController.swift in Sources */,
				4D191C122A21BF0800826764 /* AppPreviewCollectionViewCell.swift in Sources */,
				4D630BDF2A2F1A9100C67EF3 /* SearchTermTableViewCellViewModel.swift in Sources */,
				4DFBB8AB2A1F9C9C005E312C /* UIColor + Extension.swift in Sources */,
				4D1B7CB22A1DF445000F1A0B /* AppStoreClone.xcdatamodeld in Sources */,
				4D7775852A2CB0AB00EEB230 /* UIViewController + Extension.swift in Sources */,
				4D191C3C2A22345100826764 /* AppEvaluationCollectionViewCell.swift in Sources */,
				4D00231F2A25954E0083FB2A /* NewItem.swift in Sources */,
				4D191C422A22352600826764 /* ReviewItem.swift in Sources */,
				4DF70E332A1C8DE60082823A /* APIRequestService.swift in Sources */,
				4DF70E482A1C97940082823A /* BaseInterceptor.swift in Sources */,
				4D191C4A2A22355A00826764 /* SupportItem.swift in Sources */,
				4D7775892A2CBAA600EEB230 /* SearchTermTableViewCell.swift in Sources */,
				4DF70E442A1C937C0082823A /* ItunesResponse.swift in Sources */,
				4D191C182A21BFF800826764 /* AppReviewCollectionViewCell.swift in Sources */,
				4D1B7CBC2A1E3147000F1A0B /* SearchHeaderView.swift in Sources */,
				4D191C322A21EF3B00826764 /* BriefInfoItem.swift in Sources */,
				4D1B7CB92A1E29C8000F1A0B /* NewDiscoveryTableViewCell.swift in Sources */,
				4D1B7CB72A1DF476000F1A0B /* ViewController.swift in Sources */,
				4DF70E2F2A1C8DE60082823A /* DIContainer.swift in Sources */,
				4DFBB8AF2A1FA9D1005E312C /* AppDownloadTableViewCell.swift in Sources */,
				4D191C102A21BEF400826764 /* AppInfoCollectionViewCell.swift in Sources */,
				4D191C4E2A22357C00826764 /* LikableItem.swift in Sources */,
				4D191C442A22352D00826764 /* FeatureItem.swift in Sources */,
				4D630BD92A2DB1A300C67EF3 /* SearchAppItem.swift in Sources */,
				4DF70E3E2A1C8DE60082823A /* UIApplication + Extension.swift in Sources */,
				4D191C0A2A21BD7F00826764 /* DetailViewModel.swift in Sources */,
				4D191C222A21C0AE00826764 /* AppLikableCollectionViewCell.swift in Sources */,
				4D191C292A21C40300826764 /* ImageHeaderView.swift in Sources */,
				4DF70E682A1CBA730082823A /* TodayViewController.swift in Sources */,
				4DF70E3C2A1C8DE60082823A /* ReadJson.swift in Sources */,
				4D191C2E2A21DE7F00826764 /* DetailSection.swift in Sources */,
				4D191C1E2A21C06C00826764 /* AppSupportCollectionViewCell.swift in Sources */,
				4DF70DCE2A1C52340082823A /* AppDelegate.swift in Sources */,
				4DF70E3B2A1C8DE60082823A /* GlobalAlert.swift in Sources */,
				4D191C1C2A21C04600826764 /* AppPrivacyCollectionViewCell.swift in Sources */,
				4D191C1A2A21C01100826764 /* AppFeatureCollectionViewCell.swift in Sources */,
				4D191C3E2A22351600826764 /* EventItem.swift in Sources */,
				4D191C162A21BF5000826764 /* AppEventCollectionViewCell.swift in Sources */,
				4D191C462A22353A00826764 /* PrivacyItem.swift in Sources */,
				4D191C082A21BD7700826764 /* DetailViewController.swift in Sources */,
				4DF70E352A1C8DE60082823A /* HeaderCommon.swift in Sources */,
				4D1706A92A23073200F1B970 /* UICollectionView + Extension.swift in Sources */,
				4D191C242A21C0E400826764 /* AppBriefInfoCollectionViewCell.swift in Sources */,
				4D191C482A22354500826764 /* InfoItem.swift in Sources */,
				4D630BDD2A2F0CD600C67EF3 /* SearchAppTableViewCellViewModel.swift in Sources */,
				4D897C092A1CF96B00442D39 /* GridCollectionViewFlowLayout.swift in Sources */,
				4DF70E362A1C8DE60082823A /* URLService.swift in Sources */,
				4D191C272A21C1F000826764 /* StretchableUICollectionViewFlowLayout.swift in Sources */,
				4DF70DD02A1C52340082823A /* SceneDelegate.swift in Sources */,
				4D897C052A1CF8C600442D39 /* SearchViewController.swift in Sources */,
				4D191C0E2A21BEE200826764 /* AppTitleCollectionViewCell.swift in Sources */,
				4D0023212A2595630083FB2A /* RecommendItem.swift in Sources */,
				4DF70E322A1C8DE60082823A /* ImageLoader.swift in Sources */,
				4DF70E4A2A1C9D1F0082823A /* APIRequestError.swift in Sources */,
				4D191C362A22182000826764 /* ExplanationItem.swift in Sources */,
				4D191C402A22351F00826764 /* EvaluationItem.swift in Sources */,
				4D630BDB2A2DB89500C67EF3 /* SearchAppTableViewCell.swift in Sources */,
				4D1706AB2A23091000F1B970 /* UITableView + Extension.swift in Sources */,
				4D897C072A1CF8FC00442D39 /* SearchViewModel.swift in Sources */,
				4D191C342A220C0000826764 /* PreviewItem.swift in Sources */,
				4D191C3A2A22194B00826764 /* AppDeveloperCollectionViewCell.swift in Sources */,
				4D191C302A21EF2600826764 /* TitleItem.swift in Sources */,
				4D7775872A2CB91300EEB230 /* SearchTermItem.swift in Sources */,
				4D191C142A21BF4100826764 /* AppExplanationCollectionViewCell.swift in Sources */,
				4D00231D2A2595100083FB2A /* SearchSection.swift in Sources */,
				4DB2F7742A242A0100327EE3 /* PrivacyCollectionHeaderView.swift in Sources */,
				4DF70E392A1C8DE60082823A /* ImageCache.swift in Sources */,
				4DF70E382A1C8DE60082823A /* ItunesService.swift in Sources */,
				4DF70E3A2A1C8DE60082823A /* ReadPList.swift in Sources */,
				4D54B1D52A2D68CB0071A86C /* SearchResultViewController.swift in Sources */,
				4D191C4C2A22356C00826764 /* RelationItem.swift in Sources */,
				4D630BD52A2DB14100C67EF3 /* SearchResultSection.swift in Sources */,
				4D191C382A2218F400826764 /* DeveloperItem.swift in Sources */,
			);
			runOnlyForDeploymentPostprocessing = 0;
		};
		4DF70DDF2A1C52380082823A /* Sources */ = {
			isa = PBXSourcesBuildPhase;
			buildActionMask = 2147483647;
			files = (
				4DF70DE82A1C52380082823A /* AppStoreCloneTests.swift in Sources */,
			);
			runOnlyForDeploymentPostprocessing = 0;
		};
		4DF70DE92A1C52380082823A /* Sources */ = {
			isa = PBXSourcesBuildPhase;
			buildActionMask = 2147483647;
			files = (
				4DF70DF42A1C52380082823A /* AppStoreCloneUITestsLaunchTests.swift in Sources */,
				4DF70DF22A1C52380082823A /* AppStoreCloneUITests.swift in Sources */,
			);
			runOnlyForDeploymentPostprocessing = 0;
		};
/* End PBXSourcesBuildPhase section */

/* Begin PBXTargetDependency section */
		4DF70DE52A1C52380082823A /* PBXTargetDependency */ = {
			isa = PBXTargetDependency;
			target = 4DF70DC92A1C52330082823A /* AppStoreClone */;
			targetProxy = 4DF70DE42A1C52380082823A /* PBXContainerItemProxy */;
		};
		4DF70DEF2A1C52380082823A /* PBXTargetDependency */ = {
			isa = PBXTargetDependency;
			target = 4DF70DC92A1C52330082823A /* AppStoreClone */;
			targetProxy = 4DF70DEE2A1C52380082823A /* PBXContainerItemProxy */;
		};
/* End PBXTargetDependency section */

/* Begin PBXVariantGroup section */
		4D1B7CAE2A1DF445000F1A0B /* LaunchScreen.storyboard */ = {
			isa = PBXVariantGroup;
			children = (
				4D1B7CAF2A1DF445000F1A0B /* Base */,
			);
			name = LaunchScreen.storyboard;
			sourceTree = "<group>";
		};
/* End PBXVariantGroup section */

/* Begin XCBuildConfiguration section */
		4DF70DF52A1C52380082823A /* Debug */ = {
			isa = XCBuildConfiguration;
			buildSettings = {
				ALWAYS_SEARCH_USER_PATHS = NO;
				CLANG_ANALYZER_NONNULL = YES;
				CLANG_ANALYZER_NUMBER_OBJECT_CONVERSION = YES_AGGRESSIVE;
				CLANG_CXX_LANGUAGE_STANDARD = "gnu++20";
				CLANG_ENABLE_MODULES = YES;
				CLANG_ENABLE_OBJC_ARC = YES;
				CLANG_ENABLE_OBJC_WEAK = YES;
				CLANG_WARN_BLOCK_CAPTURE_AUTORELEASING = YES;
				CLANG_WARN_BOOL_CONVERSION = YES;
				CLANG_WARN_COMMA = YES;
				CLANG_WARN_CONSTANT_CONVERSION = YES;
				CLANG_WARN_DEPRECATED_OBJC_IMPLEMENTATIONS = YES;
				CLANG_WARN_DIRECT_OBJC_ISA_USAGE = YES_ERROR;
				CLANG_WARN_DOCUMENTATION_COMMENTS = YES;
				CLANG_WARN_EMPTY_BODY = YES;
				CLANG_WARN_ENUM_CONVERSION = YES;
				CLANG_WARN_INFINITE_RECURSION = YES;
				CLANG_WARN_INT_CONVERSION = YES;
				CLANG_WARN_NON_LITERAL_NULL_CONVERSION = YES;
				CLANG_WARN_OBJC_IMPLICIT_RETAIN_SELF = YES;
				CLANG_WARN_OBJC_LITERAL_CONVERSION = YES;
				CLANG_WARN_OBJC_ROOT_CLASS = YES_ERROR;
				CLANG_WARN_QUOTED_INCLUDE_IN_FRAMEWORK_HEADER = YES;
				CLANG_WARN_RANGE_LOOP_ANALYSIS = YES;
				CLANG_WARN_STRICT_PROTOTYPES = YES;
				CLANG_WARN_SUSPICIOUS_MOVE = YES;
				CLANG_WARN_UNGUARDED_AVAILABILITY = YES_AGGRESSIVE;
				CLANG_WARN_UNREACHABLE_CODE = YES;
				CLANG_WARN__DUPLICATE_METHOD_MATCH = YES;
				COPY_PHASE_STRIP = NO;
				DEBUG_INFORMATION_FORMAT = dwarf;
				ENABLE_STRICT_OBJC_MSGSEND = YES;
				ENABLE_TESTABILITY = YES;
				GCC_C_LANGUAGE_STANDARD = gnu11;
				GCC_DYNAMIC_NO_PIC = NO;
				GCC_NO_COMMON_BLOCKS = YES;
				GCC_OPTIMIZATION_LEVEL = 0;
				GCC_PREPROCESSOR_DEFINITIONS = (
					"DEBUG=1",
					"$(inherited)",
				);
				GCC_WARN_64_TO_32_BIT_CONVERSION = YES;
				GCC_WARN_ABOUT_RETURN_TYPE = YES_ERROR;
				GCC_WARN_UNDECLARED_SELECTOR = YES;
				GCC_WARN_UNINITIALIZED_AUTOS = YES_AGGRESSIVE;
				GCC_WARN_UNUSED_FUNCTION = YES;
				GCC_WARN_UNUSED_VARIABLE = YES;
				IPHONEOS_DEPLOYMENT_TARGET = 16.4;
				MTL_ENABLE_DEBUG_INFO = INCLUDE_SOURCE;
				MTL_FAST_MATH = YES;
				ONLY_ACTIVE_ARCH = YES;
				SDKROOT = iphoneos;
				SWIFT_ACTIVE_COMPILATION_CONDITIONS = DEBUG;
				SWIFT_OPTIMIZATION_LEVEL = "-Onone";
			};
			name = Debug;
		};
		4DF70DF62A1C52380082823A /* Release */ = {
			isa = XCBuildConfiguration;
			buildSettings = {
				ALWAYS_SEARCH_USER_PATHS = NO;
				CLANG_ANALYZER_NONNULL = YES;
				CLANG_ANALYZER_NUMBER_OBJECT_CONVERSION = YES_AGGRESSIVE;
				CLANG_CXX_LANGUAGE_STANDARD = "gnu++20";
				CLANG_ENABLE_MODULES = YES;
				CLANG_ENABLE_OBJC_ARC = YES;
				CLANG_ENABLE_OBJC_WEAK = YES;
				CLANG_WARN_BLOCK_CAPTURE_AUTORELEASING = YES;
				CLANG_WARN_BOOL_CONVERSION = YES;
				CLANG_WARN_COMMA = YES;
				CLANG_WARN_CONSTANT_CONVERSION = YES;
				CLANG_WARN_DEPRECATED_OBJC_IMPLEMENTATIONS = YES;
				CLANG_WARN_DIRECT_OBJC_ISA_USAGE = YES_ERROR;
				CLANG_WARN_DOCUMENTATION_COMMENTS = YES;
				CLANG_WARN_EMPTY_BODY = YES;
				CLANG_WARN_ENUM_CONVERSION = YES;
				CLANG_WARN_INFINITE_RECURSION = YES;
				CLANG_WARN_INT_CONVERSION = YES;
				CLANG_WARN_NON_LITERAL_NULL_CONVERSION = YES;
				CLANG_WARN_OBJC_IMPLICIT_RETAIN_SELF = YES;
				CLANG_WARN_OBJC_LITERAL_CONVERSION = YES;
				CLANG_WARN_OBJC_ROOT_CLASS = YES_ERROR;
				CLANG_WARN_QUOTED_INCLUDE_IN_FRAMEWORK_HEADER = YES;
				CLANG_WARN_RANGE_LOOP_ANALYSIS = YES;
				CLANG_WARN_STRICT_PROTOTYPES = YES;
				CLANG_WARN_SUSPICIOUS_MOVE = YES;
				CLANG_WARN_UNGUARDED_AVAILABILITY = YES_AGGRESSIVE;
				CLANG_WARN_UNREACHABLE_CODE = YES;
				CLANG_WARN__DUPLICATE_METHOD_MATCH = YES;
				COPY_PHASE_STRIP = NO;
				DEBUG_INFORMATION_FORMAT = "dwarf-with-dsym";
				ENABLE_NS_ASSERTIONS = NO;
				ENABLE_STRICT_OBJC_MSGSEND = YES;
				GCC_C_LANGUAGE_STANDARD = gnu11;
				GCC_NO_COMMON_BLOCKS = YES;
				GCC_WARN_64_TO_32_BIT_CONVERSION = YES;
				GCC_WARN_ABOUT_RETURN_TYPE = YES_ERROR;
				GCC_WARN_UNDECLARED_SELECTOR = YES;
				GCC_WARN_UNINITIALIZED_AUTOS = YES_AGGRESSIVE;
				GCC_WARN_UNUSED_FUNCTION = YES;
				GCC_WARN_UNUSED_VARIABLE = YES;
				IPHONEOS_DEPLOYMENT_TARGET = 16.4;
				MTL_ENABLE_DEBUG_INFO = NO;
				MTL_FAST_MATH = YES;
				SDKROOT = iphoneos;
				SWIFT_COMPILATION_MODE = wholemodule;
				SWIFT_OPTIMIZATION_LEVEL = "-O";
				VALIDATE_PRODUCT = YES;
			};
			name = Release;
		};
		4DF70DF82A1C52380082823A /* Debug */ = {
			isa = XCBuildConfiguration;
			buildSettings = {
				ASSETCATALOG_COMPILER_APPICON_NAME = AppIcon;
				ASSETCATALOG_COMPILER_GLOBAL_ACCENT_COLOR_NAME = AccentColor;
				CODE_SIGN_STYLE = Automatic;
				CURRENT_PROJECT_VERSION = 1;
				DEVELOPMENT_TEAM = 2KQLD72485;
				GENERATE_INFOPLIST_FILE = YES;
				INFOPLIST_FILE = AppStoreClone/Info.plist;
				INFOPLIST_KEY_UIApplicationSupportsIndirectInputEvents = YES;
				INFOPLIST_KEY_UILaunchStoryboardName = LaunchScreen;
				INFOPLIST_KEY_UISupportedInterfaceOrientations_iPad = "UIInterfaceOrientationPortrait UIInterfaceOrientationPortraitUpsideDown UIInterfaceOrientationLandscapeLeft UIInterfaceOrientationLandscapeRight";
				INFOPLIST_KEY_UISupportedInterfaceOrientations_iPhone = "UIInterfaceOrientationPortrait UIInterfaceOrientationLandscapeLeft UIInterfaceOrientationLandscapeRight";
				IPHONEOS_DEPLOYMENT_TARGET = 15.0;
				LD_RUNPATH_SEARCH_PATHS = (
					"$(inherited)",
					"@executable_path/Frameworks",
				);
				MARKETING_VERSION = 1.0;
				PRODUCT_BUNDLE_IDENTIFIER = "com.wi-seong.AppStoreClone";
				PRODUCT_NAME = "$(TARGET_NAME)";
				SUPPORTED_PLATFORMS = "iphoneos iphonesimulator";
				SUPPORTS_MACCATALYST = NO;
				SUPPORTS_MAC_DESIGNED_FOR_IPHONE_IPAD = NO;
				SWIFT_EMIT_LOC_STRINGS = YES;
				SWIFT_VERSION = 5.0;
				TARGETED_DEVICE_FAMILY = 1;
			};
			name = Debug;
		};
		4DF70DF92A1C52380082823A /* Release */ = {
			isa = XCBuildConfiguration;
			buildSettings = {
				ASSETCATALOG_COMPILER_APPICON_NAME = AppIcon;
				ASSETCATALOG_COMPILER_GLOBAL_ACCENT_COLOR_NAME = AccentColor;
				CODE_SIGN_STYLE = Automatic;
				CURRENT_PROJECT_VERSION = 1;
				DEVELOPMENT_TEAM = 2KQLD72485;
				GENERATE_INFOPLIST_FILE = YES;
				INFOPLIST_FILE = AppStoreClone/Info.plist;
				INFOPLIST_KEY_UIApplicationSupportsIndirectInputEvents = YES;
				INFOPLIST_KEY_UILaunchStoryboardName = LaunchScreen;
				INFOPLIST_KEY_UISupportedInterfaceOrientations_iPad = "UIInterfaceOrientationPortrait UIInterfaceOrientationPortraitUpsideDown UIInterfaceOrientationLandscapeLeft UIInterfaceOrientationLandscapeRight";
				INFOPLIST_KEY_UISupportedInterfaceOrientations_iPhone = "UIInterfaceOrientationPortrait UIInterfaceOrientationLandscapeLeft UIInterfaceOrientationLandscapeRight";
				IPHONEOS_DEPLOYMENT_TARGET = 15.0;
				LD_RUNPATH_SEARCH_PATHS = (
					"$(inherited)",
					"@executable_path/Frameworks",
				);
				MARKETING_VERSION = 1.0;
				PRODUCT_BUNDLE_IDENTIFIER = "com.wi-seong.AppStoreClone";
				PRODUCT_NAME = "$(TARGET_NAME)";
				SUPPORTED_PLATFORMS = "iphoneos iphonesimulator";
				SUPPORTS_MACCATALYST = NO;
				SUPPORTS_MAC_DESIGNED_FOR_IPHONE_IPAD = NO;
				SWIFT_EMIT_LOC_STRINGS = YES;
				SWIFT_VERSION = 5.0;
				TARGETED_DEVICE_FAMILY = 1;
			};
			name = Release;
		};
		4DF70DFB2A1C52380082823A /* Debug */ = {
			isa = XCBuildConfiguration;
			buildSettings = {
				ALWAYS_EMBED_SWIFT_STANDARD_LIBRARIES = YES;
				BUNDLE_LOADER = "$(TEST_HOST)";
				CODE_SIGN_STYLE = Automatic;
				CURRENT_PROJECT_VERSION = 1;
				DEVELOPMENT_TEAM = 2KQLD72485;
				GENERATE_INFOPLIST_FILE = YES;
				IPHONEOS_DEPLOYMENT_TARGET = 16.4;
				MARKETING_VERSION = 1.0;
				PRODUCT_BUNDLE_IDENTIFIER = "com.wi-seong.AppStoreCloneTests";
				PRODUCT_NAME = "$(TARGET_NAME)";
				SWIFT_EMIT_LOC_STRINGS = NO;
				SWIFT_VERSION = 5.0;
				TARGETED_DEVICE_FAMILY = "1,2";
				TEST_HOST = "$(BUILT_PRODUCTS_DIR)/AppStoreClone.app/$(BUNDLE_EXECUTABLE_FOLDER_PATH)/AppStoreClone";
			};
			name = Debug;
		};
		4DF70DFC2A1C52380082823A /* Release */ = {
			isa = XCBuildConfiguration;
			buildSettings = {
				ALWAYS_EMBED_SWIFT_STANDARD_LIBRARIES = YES;
				BUNDLE_LOADER = "$(TEST_HOST)";
				CODE_SIGN_STYLE = Automatic;
				CURRENT_PROJECT_VERSION = 1;
				DEVELOPMENT_TEAM = 2KQLD72485;
				GENERATE_INFOPLIST_FILE = YES;
				IPHONEOS_DEPLOYMENT_TARGET = 16.4;
				MARKETING_VERSION = 1.0;
				PRODUCT_BUNDLE_IDENTIFIER = "com.wi-seong.AppStoreCloneTests";
				PRODUCT_NAME = "$(TARGET_NAME)";
				SWIFT_EMIT_LOC_STRINGS = NO;
				SWIFT_VERSION = 5.0;
				TARGETED_DEVICE_FAMILY = "1,2";
				TEST_HOST = "$(BUILT_PRODUCTS_DIR)/AppStoreClone.app/$(BUNDLE_EXECUTABLE_FOLDER_PATH)/AppStoreClone";
			};
			name = Release;
		};
		4DF70DFE2A1C52380082823A /* Debug */ = {
			isa = XCBuildConfiguration;
			buildSettings = {
				ALWAYS_EMBED_SWIFT_STANDARD_LIBRARIES = YES;
				CODE_SIGN_STYLE = Automatic;
				CURRENT_PROJECT_VERSION = 1;
				DEVELOPMENT_TEAM = 2KQLD72485;
				GENERATE_INFOPLIST_FILE = YES;
				MARKETING_VERSION = 1.0;
				PRODUCT_BUNDLE_IDENTIFIER = "com.wi-seong.AppStoreCloneUITests";
				PRODUCT_NAME = "$(TARGET_NAME)";
				SWIFT_EMIT_LOC_STRINGS = NO;
				SWIFT_VERSION = 5.0;
				TARGETED_DEVICE_FAMILY = "1,2";
				TEST_TARGET_NAME = AppStoreClone;
			};
			name = Debug;
		};
		4DF70DFF2A1C52380082823A /* Release */ = {
			isa = XCBuildConfiguration;
			buildSettings = {
				ALWAYS_EMBED_SWIFT_STANDARD_LIBRARIES = YES;
				CODE_SIGN_STYLE = Automatic;
				CURRENT_PROJECT_VERSION = 1;
				DEVELOPMENT_TEAM = 2KQLD72485;
				GENERATE_INFOPLIST_FILE = YES;
				MARKETING_VERSION = 1.0;
				PRODUCT_BUNDLE_IDENTIFIER = "com.wi-seong.AppStoreCloneUITests";
				PRODUCT_NAME = "$(TARGET_NAME)";
				SWIFT_EMIT_LOC_STRINGS = NO;
				SWIFT_VERSION = 5.0;
				TARGETED_DEVICE_FAMILY = "1,2";
				TEST_TARGET_NAME = AppStoreClone;
			};
			name = Release;
		};
/* End XCBuildConfiguration section */

/* Begin XCConfigurationList section */
		4DF70DC52A1C52330082823A /* Build configuration list for PBXProject "AppStoreClone" */ = {
			isa = XCConfigurationList;
			buildConfigurations = (
				4DF70DF52A1C52380082823A /* Debug */,
				4DF70DF62A1C52380082823A /* Release */,
			);
			defaultConfigurationIsVisible = 0;
			defaultConfigurationName = Release;
		};
		4DF70DF72A1C52380082823A /* Build configuration list for PBXNativeTarget "AppStoreClone" */ = {
			isa = XCConfigurationList;
			buildConfigurations = (
				4DF70DF82A1C52380082823A /* Debug */,
				4DF70DF92A1C52380082823A /* Release */,
			);
			defaultConfigurationIsVisible = 0;
			defaultConfigurationName = Release;
		};
		4DF70DFA2A1C52380082823A /* Build configuration list for PBXNativeTarget "AppStoreCloneTests" */ = {
			isa = XCConfigurationList;
			buildConfigurations = (
				4DF70DFB2A1C52380082823A /* Debug */,
				4DF70DFC2A1C52380082823A /* Release */,
			);
			defaultConfigurationIsVisible = 0;
			defaultConfigurationName = Release;
		};
		4DF70DFD2A1C52380082823A /* Build configuration list for PBXNativeTarget "AppStoreCloneUITests" */ = {
			isa = XCConfigurationList;
			buildConfigurations = (
				4DF70DFE2A1C52380082823A /* Debug */,
				4DF70DFF2A1C52380082823A /* Release */,
			);
			defaultConfigurationIsVisible = 0;
			defaultConfigurationName = Release;
		};
/* End XCConfigurationList section */

/* Begin XCRemoteSwiftPackageReference section */
		4DF70E592A1CAEAA0082823A /* XCRemoteSwiftPackageReference "RxSwift" */ = {
			isa = XCRemoteSwiftPackageReference;
			repositoryURL = "https://github.com/ReactiveX/RxSwift.git";
			requirement = {
				kind = upToNextMajorVersion;
				minimumVersion = 6.0.0;
			};
		};
/* End XCRemoteSwiftPackageReference section */

/* Begin XCSwiftPackageProductDependency section */
		4DF70E5A2A1CAEE10082823A /* RxCocoa */ = {
			isa = XCSwiftPackageProductDependency;
			package = 4DF70E592A1CAEAA0082823A /* XCRemoteSwiftPackageReference "RxSwift" */;
			productName = RxCocoa;
		};
		4DF70E5C2A1CAEE10082823A /* RxRelay */ = {
			isa = XCSwiftPackageProductDependency;
			package = 4DF70E592A1CAEAA0082823A /* XCRemoteSwiftPackageReference "RxSwift" */;
			productName = RxRelay;
		};
		4DF70E5E2A1CAEE10082823A /* RxSwift */ = {
			isa = XCSwiftPackageProductDependency;
			package = 4DF70E592A1CAEAA0082823A /* XCRemoteSwiftPackageReference "RxSwift" */;
			productName = RxSwift;
		};
/* End XCSwiftPackageProductDependency section */

/* Begin XCVersionGroup section */
		4D1B7CAB2A1DF445000F1A0B /* AppStoreClone.xcdatamodeld */ = {
			isa = XCVersionGroup;
			children = (
				4D1B7CAC2A1DF445000F1A0B /* AppStoreClone.xcdatamodel */,
			);
			currentVersion = 4D1B7CAC2A1DF445000F1A0B /* AppStoreClone.xcdatamodel */;
			path = AppStoreClone.xcdatamodeld;
			sourceTree = "<group>";
			versionGroupType = wrapper.xcdatamodel;
		};
/* End XCVersionGroup section */
	};
	rootObject = 4DF70DC22A1C52330082823A /* Project object */;
}
